{
  "version": 4,
  "terraform_version": "1.9.1",
  "serial": 94,
  "lineage": "2463e5c6-67c9-2e51-1531-b7cbef9ae50e",
  "outputs": {
    "kubeconfig": {
      "value": "apiVersion: v1\nclusters:\n- cluster:\n    certificate-authority-data: LS0tLS1CRUdJTiBDRVJUSUZJQ0FURS0tLS0tCk1JSUJkakNDQVIyZ0F3SUJBZ0lCQURBS0JnZ3Foa2pPUFFRREFqQWpNU0V3SHdZRFZRUUREQmhyTTNNdGMyVnkKZG1WeUxXTmhRREUzTURjNE1qRTJPREF3SGhjTk1qUXdNakV6TVRBMU5EUXdXaGNOTXpRd01qRXdNVEExTkRRdwpXakFqTVNFd0h3WURWUVFEREJock0zTXRjMlZ5ZG1WeUxXTmhRREUzTURjNE1qRTJPREF3V1RBVEJnY3Foa2pPClBRSUJCZ2dxaGtqT1BRTUJCd05DQUFSWTYyemtZamhXTThwS1Q3aUpTNlA2eS93aHFPWGpzTXU2ZUxyNDJLRVYKMnRZTkJyNncyQ0JUOGg0NnFPNWh0OGFqRk9jRlo3WDQyK21GN0pPMmVtSFNvMEl3UURBT0JnTlZIUThCQWY4RQpCQU1DQXFRd0R3WURWUjBUQVFIL0JBVXdBd0VCL3pBZEJnTlZIUTRFRmdRVWVqUGNYcDZTeXVKZ0F2dGtaYVowCk0xWVdYS1V3Q2dZSUtvWkl6ajBFQXdJRFJ3QXdSQUlnSmkrc3Y1NlUvekwzQ2h4RGVzVXNiWWRTTE5vaWFDNXgKdWp1UHd5NzNGcGtDSUZ0MUNVM2pTckhtVFhlbVBRV1oyU3RVUVl0WFVIdWlXQ0RFVWFVUEh3aTkKLS0tLS1FTkQgQ0VSVElGSUNBVEUtLS0tLQo=\n    server: https://138.201.185.225:6443\n  name: extenship-test\ncontexts:\n- context:\n    cluster: extenship-test\n    user: extenship-test\n  name: extenship-test\ncurrent-context: extenship-test\nkind: Config\npreferences: {}\nusers:\n- name: extenship-test\n  user:\n    client-certificate-data: LS0tLS1CRUdJTiBDRVJUSUZJQ0FURS0tLS0tCk1JSUJrRENDQVRlZ0F3SUJBZ0lJZVBsUXZXanMxY1l3Q2dZSUtvWkl6ajBFQXdJd0l6RWhNQjhHQTFVRUF3d1kKYXpOekxXTnNhV1Z1ZEMxallVQXhOekEzT0RJeE5qZ3dNQjRYRFRJME1ESXhNekV3TlRRME1Gb1hEVEkxTURJeApNakV3TlRRME1Gb3dNREVYTUJVR0ExVUVDaE1PYzNsemRHVnRPbTFoYzNSbGNuTXhGVEFUQmdOVkJBTVRESE41CmMzUmxiVHBoWkcxcGJqQlpNQk1HQnlxR1NNNDlBZ0VHQ0NxR1NNNDlBd0VIQTBJQUJEZWRZclJLMDVaMTZQWUkKNG50TGZDckJ2bGJ5Vkg4REp1T2NSdDhwZzRzNHdpUHhmbTNYdEZpR3JKRTBUSGtSaFdiWnVuYUJ3SDEvcmRVeApkY2IwMWpTalNEQkdNQTRHQTFVZER3RUIvd1FFQXdJRm9EQVRCZ05WSFNVRUREQUtCZ2dyQmdFRkJRY0RBakFmCkJnTlZIU01FR0RBV2dCUXRmZnlkV3NYWTFvZ0c1ZVpYSGNqNXJ0OURxREFLQmdncWhrak9QUVFEQWdOSEFEQkUKQWlCRlg4TFR1SFZCMllDbGhqbWZ6MjFHZkE5NXJSejBSbXZzY1pFSWNZQlViZ0lnSm1PMk1uODI5MmtDcjYxTwpwOTlxOXhaQy9qa2lrVyt0VDZlNVFUZThZMmM9Ci0tLS0tRU5EIENFUlRJRklDQVRFLS0tLS0KLS0tLS1CRUdJTiBDRVJUSUZJQ0FURS0tLS0tCk1JSUJkakNDQVIyZ0F3SUJBZ0lCQURBS0JnZ3Foa2pPUFFRREFqQWpNU0V3SHdZRFZRUUREQmhyTTNNdFkyeHAKWlc1MExXTmhRREUzTURjNE1qRTJPREF3SGhjTk1qUXdNakV6TVRBMU5EUXdXaGNOTXpRd01qRXdNVEExTkRRdwpXakFqTVNFd0h3WURWUVFEREJock0zTXRZMnhwWlc1MExXTmhRREUzTURjNE1qRTJPREF3V1RBVEJnY3Foa2pPClBRSUJCZ2dxaGtqT1BRTUJCd05DQUFSeDdkV3FGdEtXSG1yRWVYZUoxM0tIeGJkUkhZSTJmbkd2aGxrS3kyS2EKc2MwS01xeHFYanlSV1BxbUVYaDZJRHZaWTJVbUw3cmRvZ2t0ZjhVV3NLcDVvMEl3UURBT0JnTlZIUThCQWY4RQpCQU1DQXFRd0R3WURWUjBUQVFIL0JBVXdBd0VCL3pBZEJnTlZIUTRFRmdRVUxYMzhuVnJGMk5hSUJ1WG1WeDNJCithN2ZRNmd3Q2dZSUtvWkl6ajBFQXdJRFJ3QXdSQUlnVnVsZ1Z2SGxic1JqVWh3WE02ZWFtZ2hsM3VMb2hGNnUKMGFzbkNSSFpCZklDSUhnd3dhd1RTbllvY2MvT0U2MGJ1ZCt3SWRBeCtGVFdDcTFRQ0VkZUdBaUsKLS0tLS1FTkQgQ0VSVElGSUNBVEUtLS0tLQo=\n    client-key-data: LS0tLS1CRUdJTiBFQyBQUklWQVRFIEtFWS0tLS0tCk1IY0NBUUVFSUFqZW1GMlcwYXkyMllyOFlQK2F1Z2JReHk0ZFJZejBnWC9WeFNDK1p2UWFvQW9HQ0NxR1NNNDkKQXdFSG9VUURRZ0FFTjUxaXRFclRsblhvOWdqaWUwdDhLc0crVnZKVWZ3TW00NXhHM3ltRGl6akNJL0YrYmRlMApXSWFza1RSTWVSR0ZadG02ZG9IQWZYK3QxVEYxeHZUV05BPT0KLS0tLS1FTkQgRUMgUFJJVkFURSBLRVktLS0tLQo=\n",
      "type": "string",
      "sensitive": true
    }
  },
  "resources": [
    {
      "module": "module.kube-hetzner",
      "mode": "data",
      "type": "github_release",
      "name": "calico",
      "provider": "provider[\"registry.terraform.io/integrations/github\"]",
      "instances": [
        {
          "index_key": 0,
          "schema_version": 0,
          "attributes": {
            "asserts_url": "https://api.github.com/repos/projectcalico/calico/releases/186525752/assets",
            "assets": [
              {
                "browser_download_url": "https://github.com/projectcalico/calico/releases/download/v3.29.1/calico-windows-v3.29.1.zip",
                "content_type": "application/zip",
                "created_at": "2024-11-20 23:16:00 +0000 UTC",
                "id": 207942604,
                "label": "",
                "name": "calico-windows-v3.29.1.zip",
                "node_id": "RA_kwDOA87D0s4MZPPM",
                "size": 91389701,
                "updated_at": "2024-11-20 23:16:20 +0000 UTC",
                "url": "https://api.github.com/repos/projectcalico/calico/releases/assets/207942604"
              },
              {
                "browser_download_url": "https://github.com/projectcalico/calico/releases/download/v3.29.1/calicoctl-darwin-amd64",
                "content_type": "application/octet-stream",
                "created_at": "2024-11-20 23:15:54 +0000 UTC",
                "id": 207942572,
                "label": "",
                "name": "calicoctl-darwin-amd64",
                "node_id": "RA_kwDOA87D0s4MZPOs",
                "size": 68984576,
                "updated_at": "2024-11-20 23:16:00 +0000 UTC",
                "url": "https://api.github.com/repos/projectcalico/calico/releases/assets/207942572"
              },
              {
                "browser_download_url": "https://github.com/projectcalico/calico/releases/download/v3.29.1/calicoctl-darwin-arm64",
                "content_type": "application/octet-stream",
                "created_at": "2024-11-20 23:16:02 +0000 UTC",
                "id": 207942611,
                "label": "",
                "name": "calicoctl-darwin-arm64",
                "node_id": "RA_kwDOA87D0s4MZPPT",
                "size": 67505698,
                "updated_at": "2024-11-20 23:16:19 +0000 UTC",
                "url": "https://api.github.com/repos/projectcalico/calico/releases/assets/207942611"
              },
              {
                "browser_download_url": "https://github.com/projectcalico/calico/releases/download/v3.29.1/calicoctl-linux-amd64",
                "content_type": "application/octet-stream",
                "created_at": "2024-11-20 23:16:01 +0000 UTC",
                "id": 207942606,
                "label": "",
                "name": "calicoctl-linux-amd64",
                "node_id": "RA_kwDOA87D0s4MZPPO",
                "size": 68663291,
                "updated_at": "2024-11-20 23:16:19 +0000 UTC",
                "url": "https://api.github.com/repos/projectcalico/calico/releases/assets/207942606"
              },
              {
                "browser_download_url": "https://github.com/projectcalico/calico/releases/download/v3.29.1/calicoctl-linux-arm64",
                "content_type": "application/octet-stream",
                "created_at": "2024-11-20 23:16:04 +0000 UTC",
                "id": 207942618,
                "label": "",
                "name": "calicoctl-linux-arm64",
                "node_id": "RA_kwDOA87D0s4MZPPa",
                "size": 66738542,
                "updated_at": "2024-11-20 23:16:18 +0000 UTC",
                "url": "https://api.github.com/repos/projectcalico/calico/releases/assets/207942618"
              },
              {
                "browser_download_url": "https://github.com/projectcalico/calico/releases/download/v3.29.1/calicoctl-linux-ppc64le",
                "content_type": "application/octet-stream",
                "created_at": "2024-11-20 23:15:44 +0000 UTC",
                "id": 207942527,
                "label": "",
                "name": "calicoctl-linux-ppc64le",
                "node_id": "RA_kwDOA87D0s4MZPN_",
                "size": 68217960,
                "updated_at": "2024-11-20 23:16:00 +0000 UTC",
                "url": "https://api.github.com/repos/projectcalico/calico/releases/assets/207942527"
              },
              {
                "browser_download_url": "https://github.com/projectcalico/calico/releases/download/v3.29.1/calicoctl-linux-s390x",
                "content_type": "application/octet-stream",
                "created_at": "2024-11-20 23:15:44 +0000 UTC",
                "id": 207942528,
                "label": "",
                "name": "calicoctl-linux-s390x",
                "node_id": "RA_kwDOA87D0s4MZPOA",
                "size": 72083279,
                "updated_at": "2024-11-20 23:16:00 +0000 UTC",
                "url": "https://api.github.com/repos/projectcalico/calico/releases/assets/207942528"
              },
              {
                "browser_download_url": "https://github.com/projectcalico/calico/releases/download/v3.29.1/calicoctl-windows-amd64.exe",
                "content_type": "application/x-ms-dos-executable",
                "created_at": "2024-11-20 23:15:51 +0000 UTC",
                "id": 207942557,
                "label": "",
                "name": "calicoctl-windows-amd64.exe",
                "node_id": "RA_kwDOA87D0s4MZPOd",
                "size": 69250048,
                "updated_at": "2024-11-20 23:16:00 +0000 UTC",
                "url": "https://api.github.com/repos/projectcalico/calico/releases/assets/207942557"
              },
              {
                "browser_download_url": "https://github.com/projectcalico/calico/releases/download/v3.29.1/install-calico-windows.ps1",
                "content_type": "application/octet-stream",
                "created_at": "2024-11-20 23:15:44 +0000 UTC",
                "id": 207942529,
                "label": "",
                "name": "install-calico-windows.ps1",
                "node_id": "RA_kwDOA87D0s4MZPOB",
                "size": 24366,
                "updated_at": "2024-11-20 23:15:45 +0000 UTC",
                "url": "https://api.github.com/repos/projectcalico/calico/releases/assets/207942529"
              },
              {
                "browser_download_url": "https://github.com/projectcalico/calico/releases/download/v3.29.1/metadata.yaml",
                "content_type": "application/x-yaml",
                "created_at": "2024-11-20 23:15:53 +0000 UTC",
                "id": 207942563,
                "label": "",
                "name": "metadata.yaml",
                "node_id": "RA_kwDOA87D0s4MZPOj",
                "size": 477,
                "updated_at": "2024-11-20 23:15:53 +0000 UTC",
                "url": "https://api.github.com/repos/projectcalico/calico/releases/assets/207942563"
              },
              {
                "browser_download_url": "https://github.com/projectcalico/calico/releases/download/v3.29.1/ocp.tgz",
                "content_type": "application/x-compressed-tar",
                "created_at": "2024-11-20 23:15:51 +0000 UTC",
                "id": 207942558,
                "label": "",
                "name": "ocp.tgz",
                "node_id": "RA_kwDOA87D0s4MZPOe",
                "size": 34083,
                "updated_at": "2024-11-20 23:15:51 +0000 UTC",
                "url": "https://api.github.com/repos/projectcalico/calico/releases/assets/207942558"
              },
              {
                "browser_download_url": "https://github.com/projectcalico/calico/releases/download/v3.29.1/release-v3.29.1.tgz",
                "content_type": "application/x-compressed-tar",
                "created_at": "2024-11-20 23:16:19 +0000 UTC",
                "id": 207942674,
                "label": "",
                "name": "release-v3.29.1.tgz",
                "node_id": "RA_kwDOA87D0s4MZPQS",
                "size": 1158450614,
                "updated_at": "2024-11-20 23:16:56 +0000 UTC",
                "url": "https://api.github.com/repos/projectcalico/calico/releases/assets/207942674"
              },
              {
                "browser_download_url": "https://github.com/projectcalico/calico/releases/download/v3.29.1/SHA256SUMS",
                "content_type": "application/octet-stream",
                "created_at": "2024-11-20 23:16:00 +0000 UTC",
                "id": 207942602,
                "label": "",
                "name": "SHA256SUMS",
                "node_id": "RA_kwDOA87D0s4MZPPK",
                "size": 1145,
                "updated_at": "2024-11-20 23:16:01 +0000 UTC",
                "url": "https://api.github.com/repos/projectcalico/calico/releases/assets/207942602"
              },
              {
                "browser_download_url": "https://github.com/projectcalico/calico/releases/download/v3.29.1/tigera-operator-v3.29.1.tgz",
                "content_type": "application/x-compressed-tar",
                "created_at": "2024-11-20 23:15:44 +0000 UTC",
                "id": 207942526,
                "label": "",
                "name": "tigera-operator-v3.29.1.tgz",
                "node_id": "RA_kwDOA87D0s4MZPN-",
                "size": 142917,
                "updated_at": "2024-11-20 23:15:45 +0000 UTC",
                "url": "https://api.github.com/repos/projectcalico/calico/releases/assets/207942526"
              }
            ],
            "assets_url": "https://api.github.com/repos/projectcalico/calico/releases/186525752/assets",
            "body": "Release notes can be found [on GitHub](https://github.com/projectcalico/calico/blob/v3.29.1/release-notes/v3.29.1-release-notes.md)\r\n\r\nAttached to this release are the following artifacts:\r\n\r\n- `release-v3.29.1.tgz`: container images, binaries, and kubernetes manifests.\r\n- `calico-windows-v3.29.1.zip`: Calico for Windows.\r\n- `tigera-operator-v3.29.1.tgz`: Calico Helm v3 chart.\r\n- ocp.tgz: Manifest bundle for OpenShift.\r\n\r\nAdditional links:\r\n\r\n- [VPP data plane release information](https://github.com/projectcalico/vpp-dataplane/blob/master/RELEASE_NOTES.md)\r\n\r\n",
            "created_at": "2024-11-20 20:34:35 +0000 UTC",
            "draft": false,
            "html_url": "https://github.com/projectcalico/calico/releases/tag/v3.29.1",
            "id": "186525752",
            "name": "v3.29.1",
            "owner": "projectcalico",
            "prerelease": false,
            "published_at": "2024-11-21 00:47:56 +0000 UTC",
            "release_id": null,
            "release_tag": "v3.29.1",
            "repository": "calico",
            "retrieve_by": "latest",
            "tarball_url": "https://api.github.com/repos/projectcalico/calico/tarball/v3.29.1",
            "target_commitish": "master",
            "upload_url": "https://uploads.github.com/repos/projectcalico/calico/releases/186525752/assets{?name,label}",
            "url": "https://api.github.com/repos/projectcalico/calico/releases/186525752",
            "zipball_url": "https://api.github.com/repos/projectcalico/calico/zipball/v3.29.1"
          },
          "sensitive_attributes": []
        }
      ]
    },
    {
      "module": "module.kube-hetzner",
      "mode": "data",
      "type": "github_release",
      "name": "hetzner_ccm",
      "provider": "provider[\"registry.terraform.io/integrations/github\"]",
      "instances": [
        {
          "index_key": 0,
          "schema_version": 0,
          "attributes": {
            "asserts_url": "https://api.github.com/repos/hetznercloud/hcloud-cloud-controller-manager/releases/187501177/assets",
            "assets": [
              {
                "browser_download_url": "https://github.com/hetznercloud/hcloud-cloud-controller-manager/releases/download/v1.21.0/ccm-networks.yaml",
                "content_type": "application/x-yaml",
                "created_at": "2024-11-26 10:31:48 +0000 UTC",
                "id": 209149684,
                "label": "",
                "name": "ccm-networks.yaml",
                "node_id": "RA_kwDOBxR_Mc4Md170",
                "size": 3133,
                "updated_at": "2024-11-26 10:31:48 +0000 UTC",
                "url": "https://api.github.com/repos/hetznercloud/hcloud-cloud-controller-manager/releases/assets/209149684"
              },
              {
                "browser_download_url": "https://github.com/hetznercloud/hcloud-cloud-controller-manager/releases/download/v1.21.0/ccm.yaml",
                "content_type": "application/x-yaml",
                "created_at": "2024-11-26 10:31:48 +0000 UTC",
                "id": 209149683,
                "label": "",
                "name": "ccm.yaml",
                "node_id": "RA_kwDOBxR_Mc4Md17z",
                "size": 2869,
                "updated_at": "2024-11-26 10:31:48 +0000 UTC",
                "url": "https://api.github.com/repos/hetznercloud/hcloud-cloud-controller-manager/releases/assets/209149683"
              },
              {
                "browser_download_url": "https://github.com/hetznercloud/hcloud-cloud-controller-manager/releases/download/v1.21.0/hcloud-cloud-controller-manager-1.21.0.tgz",
                "content_type": "application/x-compressed-tar",
                "created_at": "2024-11-26 10:31:48 +0000 UTC",
                "id": 209149681,
                "label": "",
                "name": "hcloud-cloud-controller-manager-1.21.0.tgz",
                "node_id": "RA_kwDOBxR_Mc4Md17x",
                "size": 5350,
                "updated_at": "2024-11-26 10:31:48 +0000 UTC",
                "url": "https://api.github.com/repos/hetznercloud/hcloud-cloud-controller-manager/releases/assets/209149681"
              },
              {
                "browser_download_url": "https://github.com/hetznercloud/hcloud-cloud-controller-manager/releases/download/v1.21.0/hcloud-cloud-controller-manager_1.21.0_checksums.txt",
                "content_type": "text/plain; charset=utf-8",
                "created_at": "2024-11-26 10:31:48 +0000 UTC",
                "id": 209149682,
                "label": "",
                "name": "hcloud-cloud-controller-manager_1.21.0_checksums.txt",
                "node_id": "RA_kwDOBxR_Mc4Md17y",
                "size": 372,
                "updated_at": "2024-11-26 10:31:48 +0000 UTC",
                "url": "https://api.github.com/repos/hetznercloud/hcloud-cloud-controller-manager/releases/assets/209149682"
              }
            ],
            "assets_url": "https://api.github.com/repos/hetznercloud/hcloud-cloud-controller-manager/releases/187501177/assets",
            "body": "### Feature Highlights \u0026amp; Upgrade Notes\n\n#### Load Balancer IPs set to Private IPs\n\nIf networking support is enabled, the load balancer IPs are now populated with the private IPs, unless the `load-balancer.hetzner.cloud/disable-private-ingress` annotation is set to `true`. Please make sure that you configured the annotation according to your needs, for example if you are using `external-dns`.\n\n#### Provided-By Label\n\nWe introduced a the label `instance.hetzner.cloud/provided-by`, which will be automatically added to all **new** nodes. This label can have the values `cloud` or `robot` to distinguish between our products. We use this label in the csi-driver to ensure the daemonset is only running on cloud nodes. We recommend to add this label to your existing nodes with the appropriate value.\n\n- `kubectl label node $CLOUD_NODE_NAME instance.hetzner.cloud/provided-by=cloud`\n- `kubectl label node $ROBOT_NODE_NAME instance.hetzner.cloud/provided-by=robot`\n\n#### Load Balancer IPMode Proxy\n\nKubernetes KEP-1860 added a new field to the Load Balancer Service Status that allows us to mark if the IP address we add should be considered as a Proxy (always send traffic here) and VIP (allow optimization by keeping the traffic in the cluster).\n\nPreviously Kubernetes considered all IPs as VIP, which caused issues when when the PROXY protocol was in use. We have previously recommended to use the annotation `load-balancer.hetzner.cloud/hostname` to workaround this problem.\n\nWe now set the new field to `Proxy` if the PROXY protocol is active so the issue should no longer appear. If you  only added the `load-balancer.hetzner.cloud/hostname` annotation for this problem, you can remove it after upgrading.\n\nFurther information:\n\n- https://github.com/kubernetes/enhancements/issues/1860\n- https://github.com/hetznercloud/hcloud-cloud-controller-manager/issues/160#issuecomment-788638132\n\n### Features\n\n- **service**: Specify private ip for loadbalancer (#724)\n- add support \u0026amp; tests for Kubernetes 1.31 (#747)\n- **helm**: allow setting extra pod volumes via chart values  (#744)\n- **instance**: add label to distinguish servers from Cloud and Robot (#764)\n- emit event when robot server name and node name mismatch (#773)\n- **load-balancer**: Set IPMode to \u0026#34;Proxy\u0026#34; if load balancer is configured to use proxy protocol (#727) (#783)\n- **routes**: emit warning if cluster cidr is misconfigured (#793)\n- **load-balancer**: ignore nodes that don\u0026#39;t use known provider IDs (#780)\n- drop tests for kubernetes v1.27 and v1.28\n\n### Bug Fixes\n\n- populate ingress private ip when disable-private-ingress is false (#715)\n- wrong version logged on startup (#729)\n- invalid characters in label instance-type of robot servers (#770)\n- no events are emitted as broadcaster has no sink configured (#774)\n\n### Kubernetes Support\n\nThis version was tested with Kubernetes 1.29 - 1.31. Furthermore, we dropped v1.27 and v1.28 support.\n",
            "created_at": "2024-11-26 10:26:15 +0000 UTC",
            "draft": false,
            "html_url": "https://github.com/hetznercloud/hcloud-cloud-controller-manager/releases/tag/v1.21.0",
            "id": "187501177",
            "name": "v1.21.0",
            "owner": "hetznercloud",
            "prerelease": false,
            "published_at": "2024-11-26 10:26:51 +0000 UTC",
            "release_id": null,
            "release_tag": "v1.21.0",
            "repository": "hcloud-cloud-controller-manager",
            "retrieve_by": "latest",
            "tarball_url": "https://api.github.com/repos/hetznercloud/hcloud-cloud-controller-manager/tarball/v1.21.0",
            "target_commitish": "23167695206461143c07a29288f2c6812133c5f4",
            "upload_url": "https://uploads.github.com/repos/hetznercloud/hcloud-cloud-controller-manager/releases/187501177/assets{?name,label}",
            "url": "https://api.github.com/repos/hetznercloud/hcloud-cloud-controller-manager/releases/187501177",
            "zipball_url": "https://api.github.com/repos/hetznercloud/hcloud-cloud-controller-manager/zipball/v1.21.0"
          },
          "sensitive_attributes": []
        }
      ]
    },
    {
      "module": "module.kube-hetzner",
      "mode": "data",
      "type": "github_release",
      "name": "hetzner_csi",
      "provider": "provider[\"registry.terraform.io/integrations/github\"]",
      "instances": [
        {
          "index_key": 0,
          "schema_version": 0,
          "attributes": {
            "asserts_url": "https://api.github.com/repos/hetznercloud/csi-driver/releases/187506791/assets",
            "assets": [
              {
                "browser_download_url": "https://github.com/hetznercloud/csi-driver/releases/download/v2.11.0/csi-driver_2.11.0_checksums.txt",
                "content_type": "text/plain; charset=utf-8",
                "created_at": "2024-11-26 11:03:34 +0000 UTC",
                "id": 209155062,
                "label": "",
                "name": "csi-driver_2.11.0_checksums.txt",
                "node_id": "RA_kwDOCa6nks4Md3P2",
                "size": 309,
                "updated_at": "2024-11-26 11:03:35 +0000 UTC",
                "url": "https://api.github.com/repos/hetznercloud/csi-driver/releases/assets/209155062"
              },
              {
                "browser_download_url": "https://github.com/hetznercloud/csi-driver/releases/download/v2.11.0/hcloud-csi-2.11.0.tgz",
                "content_type": "application/x-compressed-tar",
                "created_at": "2024-11-26 11:03:35 +0000 UTC",
                "id": 209155063,
                "label": "",
                "name": "hcloud-csi-2.11.0.tgz",
                "node_id": "RA_kwDOCa6nks4Md3P3",
                "size": 13290,
                "updated_at": "2024-11-26 11:03:35 +0000 UTC",
                "url": "https://api.github.com/repos/hetznercloud/csi-driver/releases/assets/209155063"
              }
            ],
            "assets_url": "https://api.github.com/repos/hetznercloud/csi-driver/releases/187506791/assets",
            "body": "### Features\n\n- Added new option enableProvidedByTopology (#780)\n- drop tests for kubernetes v1.28 (#796)\n\n### Bug Fixes\n\n- prefer scheduling the csi controller on cloud nodes (#786)\n\n### Kubernetes Support\n\nThis version was tested with Kubernetes 1.29 - 1.31. Furthermore, we dropped v1.28 support.\n",
            "created_at": "2024-11-26 10:55:33 +0000 UTC",
            "draft": false,
            "html_url": "https://github.com/hetznercloud/csi-driver/releases/tag/v2.11.0",
            "id": "187506791",
            "name": "v2.11.0",
            "owner": "hetznercloud",
            "prerelease": false,
            "published_at": "2024-11-26 10:56:19 +0000 UTC",
            "release_id": null,
            "release_tag": "v2.11.0",
            "repository": "csi-driver",
            "retrieve_by": "latest",
            "tarball_url": "https://api.github.com/repos/hetznercloud/csi-driver/tarball/v2.11.0",
            "target_commitish": "afa8768d32a461bd39fdbb091bbbfa24be5441f8",
            "upload_url": "https://uploads.github.com/repos/hetznercloud/csi-driver/releases/187506791/assets{?name,label}",
            "url": "https://api.github.com/repos/hetznercloud/csi-driver/releases/187506791",
            "zipball_url": "https://api.github.com/repos/hetznercloud/csi-driver/zipball/v2.11.0"
          },
          "sensitive_attributes": []
        }
      ]
    },
    {
      "module": "module.kube-hetzner",
      "mode": "data",
      "type": "github_release",
      "name": "kured",
      "provider": "provider[\"registry.terraform.io/integrations/github\"]",
      "instances": [
        {
          "index_key": 0,
          "schema_version": 0,
          "attributes": {
            "asserts_url": "https://api.github.com/repos/kubereboot/kured/releases/184242094/assets",
            "assets": [
              {
                "browser_download_url": "https://github.com/kubereboot/kured/releases/download/1.16.2/kured-1.16.2-dockerhub.yaml",
                "content_type": "application/yaml",
                "created_at": "2024-11-07 21:11:00 +0000 UTC",
                "id": 204886567,
                "label": "",
                "name": "kured-1.16.2-dockerhub.yaml",
                "node_id": "RA_kwDOBUgOWc4MNlIn",
                "size": 5021,
                "updated_at": "2024-11-07 21:11:01 +0000 UTC",
                "url": "https://api.github.com/repos/kubereboot/kured/releases/assets/204886567"
              }
            ],
            "assets_url": "https://api.github.com/repos/kubereboot/kured/releases/184242094/assets",
            "body": "## What's Changed\r\n* Improve release documentation by @evrardjp in https://github.com/kubereboot/kured/pull/1002\r\n* Clarify features for e2e test by @evrardjp in https://github.com/kubereboot/kured/pull/995\r\n* Cleanup dockerfile by @evrardjp in https://github.com/kubereboot/kured/pull/996\r\n* build(deps): bump github.com/prometheus/common from 0.60.0 to 0.60.1 by @dependabot in https://github.com/kubereboot/kured/pull/1003\r\n* Cleanup Part 1 - First refactors by @evrardjp in https://github.com/kubereboot/kured/pull/990\r\n* Cleanup gomod by @evrardjp in https://github.com/kubereboot/kured/pull/997\r\n* Update email address for Hidde Beydals by @hiddeco in https://github.com/kubereboot/kured/pull/1009\r\n* Remove security exception by @evrardjp in https://github.com/kubereboot/kured/pull/1005\r\n* Be explicit about toolchain version by @evrardjp in https://github.com/kubereboot/kured/pull/1006\r\n* Create scorecard.yml by @evrardjp in https://github.com/kubereboot/kured/pull/1007\r\n* build(deps): bump actions/upload-artifact from 97a0fba1372883ab732affbe8f94b823f91727db to c24449f33cd45d4826c6702db7e49f7cdb9b551d by @dependabot in https://github.com/kubereboot/kured/pull/1010\r\n* build(deps): bump ossf/scorecard-action from 2.3.1 to 2.4.0 by @dependabot in https://github.com/kubereboot/kured/pull/1011\r\n* build(deps): bump actions/upload-artifact from 3.2.1.pre.node20 to 4.4.3 by @dependabot in https://github.com/kubereboot/kured/pull/1012\r\n* bootstrap-tools are required for kured bin by @evrardjp in https://github.com/kubereboot/kured/pull/1014\r\n* Fix goroutine leak by @evrardjp in https://github.com/kubereboot/kured/pull/1015\r\n* Cleanup blockCheckers by @evrardjp in https://github.com/kubereboot/kured/pull/1016\r\n* build(deps): bump lycheeverse/lychee-action from 2.0.2 to 2.1.0 by @dependabot in https://github.com/kubereboot/kured/pull/1018\r\n* chore: update release by @evrardjp in https://github.com/kubereboot/kured/pull/1019\r\n\r\n\r\n**Full Changelog**: https://github.com/kubereboot/kured/compare/1.16.1...1.16.2",
            "created_at": "2024-11-07 21:03:43 +0000 UTC",
            "draft": false,
            "html_url": "https://github.com/kubereboot/kured/releases/tag/1.16.2",
            "id": "184242094",
            "name": "Kured 1.16.2",
            "owner": "weaveworks",
            "prerelease": false,
            "published_at": "2024-11-07 21:11:12 +0000 UTC",
            "release_id": null,
            "release_tag": "1.16.2",
            "repository": "kured",
            "retrieve_by": "latest",
            "tarball_url": "https://api.github.com/repos/kubereboot/kured/tarball/1.16.2",
            "target_commitish": "main",
            "upload_url": "https://uploads.github.com/repos/kubereboot/kured/releases/184242094/assets{?name,label}",
            "url": "https://api.github.com/repos/kubereboot/kured/releases/184242094",
            "zipball_url": "https://api.github.com/repos/kubereboot/kured/zipball/1.16.2"
          },
          "sensitive_attributes": []
        }
      ]
    },
    {
      "module": "module.kube-hetzner",
      "mode": "data",
      "type": "hcloud_image",
      "name": "microos_snapshot",
      "provider": "provider[\"registry.terraform.io/hetznercloud/hcloud\"]",
      "instances": [
        {
          "schema_version": 0,
          "attributes": {
            "architecture": "x86",
            "created": "2024-02-13T10:47:14Z",
            "deprecated": null,
            "description": "OpenSUSE MicroOS x86 by Kube-Hetzner",
            "id": 149425672,
            "include_deprecated": false,
            "labels": {
              "creator": "kube-hetzner",
              "microos-snapshot": "yes"
            },
            "most_recent": true,
            "name": "",
            "os_flavor": "ubuntu",
            "os_version": "",
            "rapid_deploy": false,
            "selector": null,
            "type": "snapshot",
            "with_architecture": "x86",
            "with_selector": "microos-snapshot=yes",
            "with_status": null
          },
          "sensitive_attributes": []
        }
      ]
    },
    {
      "module": "module.kube-hetzner",
      "mode": "data",
      "type": "hcloud_load_balancer",
      "name": "cluster",
      "provider": "provider[\"registry.terraform.io/hetznercloud/hcloud\"]",
      "instances": [
        {
          "index_key": 0,
          "schema_version": 0,
          "attributes": {
            "algorithm": [
              {
                "type": "round_robin"
              }
            ],
            "delete_protection": false,
            "id": 2200937,
            "ipv4": "142.132.244.45",
            "ipv6": "2a01:4f8:c011:b85::1",
            "labels": {
              "hcloud-ccm/service-uid": "25affba4-2932-4125-b540-d471f08c5c33"
            },
            "load_balancer_type": "lb11",
            "location": "fsn1",
            "name": "extenship-test",
            "network_id": 3885633,
            "network_ip": "10.0.0.2",
            "network_zone": "eu-central",
            "service": null,
            "target": [
              {
                "label_selector": "",
                "server_id": 43348825,
                "type": "server"
              }
            ],
            "with_selector": null
          },
          "sensitive_attributes": []
        }
      ]
    },
    {
      "module": "module.kube-hetzner",
      "mode": "data",
      "type": "remote_file",
      "name": "kubeconfig",
      "provider": "provider[\"registry.terraform.io/tenstad/remote\"]",
      "instances": [
        {
          "schema_version": 0,
          "attributes": {
            "conn": [
              {
                "agent": false,
                "host": "138.201.185.225",
                "password": "",
                "port": 22,
                "private_key": "-----BEGIN OPENSSH PRIVATE KEY-----\nb3BlbnNzaC1rZXktdjEAAAAABG5vbmUAAAAEbm9uZQAAAAAAAAABAAAAMwAAAAtzc2gtZW\nQyNTUxOQAAACDDWwxfYM06x1kyd2BxJ0Q5S/TIUP5QdlHRnbttrt+JWAAAAJjHZucEx2bn\nBAAAAAtzc2gtZWQyNTUxOQAAACDDWwxfYM06x1kyd2BxJ0Q5S/TIUP5QdlHRnbttrt+JWA\nAAAEAtkLjIjO91W0f/nF8T3mz15S8laP3TXrAA7v9ZVHY028NbDF9gzTrHWTJ3YHEnRDlL\n9MhQ/lB2UdGdu22u34lYAAAAD21lbGxAbWVsbC5sb2NhbAECAwQFBg==\n-----END OPENSSH PRIVATE KEY-----\n",
                "private_key_env_var": "",
                "private_key_path": "",
                "sudo": false,
                "timeout": 0,
                "user": "root"
              }
            ],
            "content": "apiVersion: v1\nclusters:\n- cluster:\n    certificate-authority-data: LS0tLS1CRUdJTiBDRVJUSUZJQ0FURS0tLS0tCk1JSUJkakNDQVIyZ0F3SUJBZ0lCQURBS0JnZ3Foa2pPUFFRREFqQWpNU0V3SHdZRFZRUUREQmhyTTNNdGMyVnkKZG1WeUxXTmhRREUzTURjNE1qRTJPREF3SGhjTk1qUXdNakV6TVRBMU5EUXdXaGNOTXpRd01qRXdNVEExTkRRdwpXakFqTVNFd0h3WURWUVFEREJock0zTXRjMlZ5ZG1WeUxXTmhRREUzTURjNE1qRTJPREF3V1RBVEJnY3Foa2pPClBRSUJCZ2dxaGtqT1BRTUJCd05DQUFSWTYyemtZamhXTThwS1Q3aUpTNlA2eS93aHFPWGpzTXU2ZUxyNDJLRVYKMnRZTkJyNncyQ0JUOGg0NnFPNWh0OGFqRk9jRlo3WDQyK21GN0pPMmVtSFNvMEl3UURBT0JnTlZIUThCQWY4RQpCQU1DQXFRd0R3WURWUjBUQVFIL0JBVXdBd0VCL3pBZEJnTlZIUTRFRmdRVWVqUGNYcDZTeXVKZ0F2dGtaYVowCk0xWVdYS1V3Q2dZSUtvWkl6ajBFQXdJRFJ3QXdSQUlnSmkrc3Y1NlUvekwzQ2h4RGVzVXNiWWRTTE5vaWFDNXgKdWp1UHd5NzNGcGtDSUZ0MUNVM2pTckhtVFhlbVBRV1oyU3RVUVl0WFVIdWlXQ0RFVWFVUEh3aTkKLS0tLS1FTkQgQ0VSVElGSUNBVEUtLS0tLQo=\n    server: https://127.0.0.1:6443\n  name: default\ncontexts:\n- context:\n    cluster: default\n    user: default\n  name: default\ncurrent-context: default\nkind: Config\npreferences: {}\nusers:\n- name: default\n  user:\n    client-certificate-data: LS0tLS1CRUdJTiBDRVJUSUZJQ0FURS0tLS0tCk1JSUJrRENDQVRlZ0F3SUJBZ0lJZVBsUXZXanMxY1l3Q2dZSUtvWkl6ajBFQXdJd0l6RWhNQjhHQTFVRUF3d1kKYXpOekxXTnNhV1Z1ZEMxallVQXhOekEzT0RJeE5qZ3dNQjRYRFRJME1ESXhNekV3TlRRME1Gb1hEVEkxTURJeApNakV3TlRRME1Gb3dNREVYTUJVR0ExVUVDaE1PYzNsemRHVnRPbTFoYzNSbGNuTXhGVEFUQmdOVkJBTVRESE41CmMzUmxiVHBoWkcxcGJqQlpNQk1HQnlxR1NNNDlBZ0VHQ0NxR1NNNDlBd0VIQTBJQUJEZWRZclJLMDVaMTZQWUkKNG50TGZDckJ2bGJ5Vkg4REp1T2NSdDhwZzRzNHdpUHhmbTNYdEZpR3JKRTBUSGtSaFdiWnVuYUJ3SDEvcmRVeApkY2IwMWpTalNEQkdNQTRHQTFVZER3RUIvd1FFQXdJRm9EQVRCZ05WSFNVRUREQUtCZ2dyQmdFRkJRY0RBakFmCkJnTlZIU01FR0RBV2dCUXRmZnlkV3NYWTFvZ0c1ZVpYSGNqNXJ0OURxREFLQmdncWhrak9QUVFEQWdOSEFEQkUKQWlCRlg4TFR1SFZCMllDbGhqbWZ6MjFHZkE5NXJSejBSbXZzY1pFSWNZQlViZ0lnSm1PMk1uODI5MmtDcjYxTwpwOTlxOXhaQy9qa2lrVyt0VDZlNVFUZThZMmM9Ci0tLS0tRU5EIENFUlRJRklDQVRFLS0tLS0KLS0tLS1CRUdJTiBDRVJUSUZJQ0FURS0tLS0tCk1JSUJkakNDQVIyZ0F3SUJBZ0lCQURBS0JnZ3Foa2pPUFFRREFqQWpNU0V3SHdZRFZRUUREQmhyTTNNdFkyeHAKWlc1MExXTmhRREUzTURjNE1qRTJPREF3SGhjTk1qUXdNakV6TVRBMU5EUXdXaGNOTXpRd01qRXdNVEExTkRRdwpXakFqTVNFd0h3WURWUVFEREJock0zTXRZMnhwWlc1MExXTmhRREUzTURjNE1qRTJPREF3V1RBVEJnY3Foa2pPClBRSUJCZ2dxaGtqT1BRTUJCd05DQUFSeDdkV3FGdEtXSG1yRWVYZUoxM0tIeGJkUkhZSTJmbkd2aGxrS3kyS2EKc2MwS01xeHFYanlSV1BxbUVYaDZJRHZaWTJVbUw3cmRvZ2t0ZjhVV3NLcDVvMEl3UURBT0JnTlZIUThCQWY4RQpCQU1DQXFRd0R3WURWUjBUQVFIL0JBVXdBd0VCL3pBZEJnTlZIUTRFRmdRVUxYMzhuVnJGMk5hSUJ1WG1WeDNJCithN2ZRNmd3Q2dZSUtvWkl6ajBFQXdJRFJ3QXdSQUlnVnVsZ1Z2SGxic1JqVWh3WE02ZWFtZ2hsM3VMb2hGNnUKMGFzbkNSSFpCZklDSUhnd3dhd1RTbllvY2MvT0U2MGJ1ZCt3SWRBeCtGVFdDcTFRQ0VkZUdBaUsKLS0tLS1FTkQgQ0VSVElGSUNBVEUtLS0tLQo=\n    client-key-data: LS0tLS1CRUdJTiBFQyBQUklWQVRFIEtFWS0tLS0tCk1IY0NBUUVFSUFqZW1GMlcwYXkyMllyOFlQK2F1Z2JReHk0ZFJZejBnWC9WeFNDK1p2UWFvQW9HQ0NxR1NNNDkKQXdFSG9VUURRZ0FFTjUxaXRFclRsblhvOWdqaWUwdDhLc0crVnZKVWZ3TW00NXhHM3ltRGl6akNJL0YrYmRlMApXSWFza1RSTWVSR0ZadG02ZG9IQWZYK3QxVEYxeHZUV05BPT0KLS0tLS1FTkQgRUMgUFJJVkFURSBLRVktLS0tLQo=\n",
            "group": "0",
            "group_name": "root",
            "id": "138.201.185.225:22:/etc/rancher/k3s/k3s.yaml",
            "owner": "0",
            "owner_name": "root",
            "path": "/etc/rancher/k3s/k3s.yaml",
            "permissions": "0644"
          },
          "sensitive_attributes": [
            [
              {
                "type": "get_attr",
                "value": "conn"
              },
              {
                "type": "index",
                "value": {
                  "value": 0,
                  "type": "number"
                }
              },
              {
                "type": "get_attr",
                "value": "private_key"
              }
            ],
            [
              {
                "type": "get_attr",
                "value": "conn"
              },
              {
                "type": "index",
                "value": {
                  "value": 0,
                  "type": "number"
                }
              },
              {
                "type": "get_attr",
                "value": "password"
              }
            ],
            [
              {
                "type": "get_attr",
                "value": "conn"
              },
              {
                "type": "index",
                "value": {
                  "value": 0,
                  "type": "number"
                }
              },
              {
                "type": "get_attr",
                "value": "agent"
              }
            ]
          ]
        }
      ]
    },
    {
      "module": "module.kube-hetzner",
      "mode": "data",
      "type": "remote_file",
      "name": "kustomization_backup",
      "provider": "provider[\"registry.terraform.io/tenstad/remote\"]",
      "instances": [
        {
          "schema_version": 0,
          "attributes": {
            "conn": [
              {
                "agent": false,
                "host": "138.201.185.225",
                "password": "",
                "port": 22,
                "private_key": "-----BEGIN OPENSSH PRIVATE KEY-----\nb3BlbnNzaC1rZXktdjEAAAAABG5vbmUAAAAEbm9uZQAAAAAAAAABAAAAMwAAAAtzc2gtZW\nQyNTUxOQAAACDDWwxfYM06x1kyd2BxJ0Q5S/TIUP5QdlHRnbttrt+JWAAAAJjHZucEx2bn\nBAAAAAtzc2gtZWQyNTUxOQAAACDDWwxfYM06x1kyd2BxJ0Q5S/TIUP5QdlHRnbttrt+JWA\nAAAEAtkLjIjO91W0f/nF8T3mz15S8laP3TXrAA7v9ZVHY028NbDF9gzTrHWTJ3YHEnRDlL\n9MhQ/lB2UdGdu22u34lYAAAAD21lbGxAbWVsbC5sb2NhbAECAwQFBg==\n-----END OPENSSH PRIVATE KEY-----\n",
                "private_key_env_var": "",
                "private_key_path": "",
                "sudo": false,
                "timeout": 0,
                "user": "root"
              }
            ],
            "content": "\"apiVersion\": \"kustomize.config.k8s.io/v1beta1\"\n\"kind\": \"Kustomization\"\n\"patchesStrategicMerge\":\n- |\n  apiVersion: apps/v1\n  kind: Deployment\n  metadata:\n    name: system-upgrade-controller\n    namespace: system-upgrade\n  spec:\n    template:\n      spec:\n        containers:\n          - name: system-upgrade-controller\n            volumeMounts:\n              - name: ca-certificates\n                mountPath: /var/lib/ca-certificates\n        volumes:\n          - name: ca-certificates\n            hostPath:\n              path: /var/lib/ca-certificates\n              type: Directory\n- \"kured.yaml\"\n- \"ccm.yaml\"\n- \"calico.yaml\"\n\"resources\":\n- \"https://github.com/hetznercloud/hcloud-cloud-controller-manager/releases/download/v1.21.0/ccm-networks.yaml\"\n- \"https://github.com/weaveworks/kured/releases/download/1.16.2/kured-1.16.2-dockerhub.yaml\"\n- \"https://raw.githubusercontent.com/rancher/system-upgrade-controller/master/manifests/system-upgrade-controller.yaml\"\n- \"hcloud-csi.yml\"\n- \"nginx_ingress.yaml\"\n- \"https://raw.githubusercontent.com/projectcalico/calico/v3.29.1/manifests/calico.yaml\"\n- \"cert_manager.yaml\"\n",
            "group": "0",
            "group_name": "root",
            "id": "138.201.185.225:22:/var/post_install/kustomization.yaml",
            "owner": "0",
            "owner_name": "root",
            "path": "/var/post_install/kustomization.yaml",
            "permissions": "0644"
          },
          "sensitive_attributes": [
            [
              {
                "type": "get_attr",
                "value": "conn"
              },
              {
                "type": "index",
                "value": {
                  "value": 0,
                  "type": "number"
                }
              },
              {
                "type": "get_attr",
                "value": "agent"
              }
            ],
            [
              {
                "type": "get_attr",
                "value": "conn"
              },
              {
                "type": "index",
                "value": {
                  "value": 0,
                  "type": "number"
                }
              },
              {
                "type": "get_attr",
                "value": "private_key"
              }
            ],
            [
              {
                "type": "get_attr",
                "value": "conn"
              },
              {
                "type": "index",
                "value": {
                  "value": 0,
                  "type": "number"
                }
              },
              {
                "type": "get_attr",
                "value": "password"
              }
            ]
          ]
        }
      ]
    },
    {
      "module": "module.kube-hetzner",
      "mode": "managed",
      "type": "hcloud_firewall",
      "name": "k3s",
      "provider": "provider[\"registry.terraform.io/hetznercloud/hcloud\"]",
      "instances": [
        {
          "schema_version": 0,
          "attributes": {
            "apply_to": [
              {
                "label_selector": "",
                "server": 43348825
              },
              {
                "label_selector": "",
                "server": 43348826
              }
            ],
            "id": "1250515",
            "labels": {
              "cluster": "extenship-test",
              "engine": "k3s",
              "provisioner": "terraform"
            },
            "name": "extenship-test",
            "rule": [
              {
                "description": "Allow Incoming ICMP Ping Requests",
                "destination_ips": [],
                "direction": "in",
                "port": "",
                "protocol": "icmp",
                "source_ips": [
                  "0.0.0.0/0",
                  "::/0"
                ]
              },
              {
                "description": "Allow Incoming Requests to Kube API Server",
                "destination_ips": [],
                "direction": "in",
                "port": "6443",
                "protocol": "tcp",
                "source_ips": [
                  "0.0.0.0/0",
                  "::/0"
                ]
              },
              {
                "description": "Allow Incoming SSH Traffic",
                "destination_ips": [],
                "direction": "in",
                "port": "22",
                "protocol": "tcp",
                "source_ips": [
                  "0.0.0.0/0",
                  "::/0"
                ]
              },
              {
                "description": "Allow Internal Cluster TCP Traffic",
                "destination_ips": [],
                "direction": "in",
                "port": "any",
                "protocol": "tcp",
                "source_ips": [
                  "10.0.0.0/8",
                  "127.0.0.1/32",
                  "169.254.169.254/32",
                  "213.239.246.21/32"
                ]
              },
              {
                "description": "Allow Internal Cluster UDP Traffic",
                "destination_ips": [],
                "direction": "in",
                "port": "any",
                "protocol": "udp",
                "source_ips": [
                  "10.0.0.0/8",
                  "127.0.0.1/32",
                  "169.254.169.254/32",
                  "213.239.246.21/32"
                ]
              },
              {
                "description": "Allow Outbound HTTP Requests",
                "destination_ips": [
                  "0.0.0.0/0",
                  "::/0"
                ],
                "direction": "out",
                "port": "80",
                "protocol": "tcp",
                "source_ips": []
              },
              {
                "description": "Allow Outbound HTTPS Requests",
                "destination_ips": [
                  "0.0.0.0/0",
                  "::/0"
                ],
                "direction": "out",
                "port": "443",
                "protocol": "tcp",
                "source_ips": []
              },
              {
                "description": "Allow Outbound ICMP Ping Requests",
                "destination_ips": [
                  "0.0.0.0/0",
                  "::/0"
                ],
                "direction": "out",
                "port": "",
                "protocol": "icmp",
                "source_ips": []
              },
              {
                "description": "Allow Outbound TCP DNS Requests",
                "destination_ips": [
                  "0.0.0.0/0",
                  "::/0"
                ],
                "direction": "out",
                "port": "53",
                "protocol": "tcp",
                "source_ips": []
              },
              {
                "description": "Allow Outbound UDP DNS Requests",
                "destination_ips": [
                  "0.0.0.0/0",
                  "::/0"
                ],
                "direction": "out",
                "port": "53",
                "protocol": "udp",
                "source_ips": []
              },
              {
                "description": "Allow Outbound UDP NTP Requests",
                "destination_ips": [
                  "0.0.0.0/0",
                  "::/0"
                ],
                "direction": "out",
                "port": "123",
                "protocol": "udp",
                "source_ips": []
              },
              {
                "description": "Outbound All",
                "destination_ips": [
                  "0.0.0.0/0",
                  "::/0"
                ],
                "direction": "out",
                "port": "any",
                "protocol": "tcp",
                "source_ips": []
              }
            ]
          },
          "sensitive_attributes": [],
          "private": "bnVsbA=="
        }
      ]
    },
    {
      "module": "module.kube-hetzner",
      "mode": "managed",
      "type": "hcloud_network",
      "name": "k3s",
      "provider": "provider[\"registry.terraform.io/hetznercloud/hcloud\"]",
      "instances": [
        {
          "schema_version": 0,
          "attributes": {
            "delete_protection": false,
            "expose_routes_to_vswitch": false,
            "id": "3885633",
            "ip_range": "10.0.0.0/8",
            "labels": {
              "cluster": "extenship-test",
              "engine": "k3s",
              "provisioner": "terraform"
            },
            "name": "extenship-test"
          },
          "sensitive_attributes": [],
          "private": "bnVsbA=="
        }
      ]
    },
    {
      "module": "module.kube-hetzner",
      "mode": "managed",
      "type": "hcloud_network_subnet",
      "name": "agent",
      "provider": "provider[\"registry.terraform.io/hetznercloud/hcloud\"]",
      "instances": [
        {
          "index_key": 0,
          "schema_version": 0,
          "attributes": {
            "gateway": "10.0.0.1",
            "id": "3885633-10.0.0.0/16",
            "ip_range": "10.0.0.0/16",
            "network_id": 3885633,
            "network_zone": "eu-central",
            "type": "cloud",
            "vswitch_id": null
          },
          "sensitive_attributes": [],
          "private": "bnVsbA==",
          "dependencies": [
            "module.kube-hetzner.hcloud_network.k3s"
          ]
        }
      ]
    },
    {
      "module": "module.kube-hetzner",
      "mode": "managed",
      "type": "hcloud_network_subnet",
      "name": "control_plane",
      "provider": "provider[\"registry.terraform.io/hetznercloud/hcloud\"]",
      "instances": [
        {
          "index_key": 0,
          "schema_version": 0,
          "attributes": {
            "gateway": "10.0.0.1",
            "id": "3885633-10.255.0.0/16",
            "ip_range": "10.255.0.0/16",
            "network_id": 3885633,
            "network_zone": "eu-central",
            "type": "cloud",
            "vswitch_id": null
          },
          "sensitive_attributes": [],
          "private": "bnVsbA==",
          "dependencies": [
            "module.kube-hetzner.hcloud_network.k3s"
          ]
        }
      ]
    },
    {
      "module": "module.kube-hetzner",
      "mode": "managed",
      "type": "hcloud_placement_group",
      "name": "agent",
      "provider": "provider[\"registry.terraform.io/hetznercloud/hcloud\"]",
      "instances": [
        {
          "index_key": 0,
          "schema_version": 0,
          "attributes": {
            "id": "307526",
            "labels": {
              "cluster": "extenship-test",
              "engine": "k3s",
              "provisioner": "terraform"
            },
            "name": "extenship-test-agent-1",
            "servers": [
              43348825
            ],
            "type": "spread"
          },
          "sensitive_attributes": [],
          "private": "bnVsbA=="
        }
      ]
    },
    {
      "module": "module.kube-hetzner",
      "mode": "managed",
      "type": "hcloud_placement_group",
      "name": "control_plane",
      "provider": "provider[\"registry.terraform.io/hetznercloud/hcloud\"]",
      "instances": [
        {
          "index_key": 0,
          "schema_version": 0,
          "attributes": {
            "id": "307527",
            "labels": {
              "cluster": "extenship-test",
              "engine": "k3s",
              "provisioner": "terraform"
            },
            "name": "extenship-test-control-plane-1",
            "servers": [
              43348826
            ],
            "type": "spread"
          },
          "sensitive_attributes": [],
          "private": "bnVsbA=="
        }
      ]
    },
    {
      "module": "module.kube-hetzner",
      "mode": "managed",
      "type": "hcloud_ssh_key",
      "name": "k3s",
      "provider": "provider[\"registry.terraform.io/hetznercloud/hcloud\"]",
      "instances": [
        {
          "index_key": 0,
          "schema_version": 0,
          "attributes": {
            "fingerprint": "fe:a5:f6:70:23:04:e3:2c:b8:de:0b:0f:bc:7e:48:b6",
            "id": "19602981",
            "labels": {
              "cluster": "extenship-test",
              "engine": "k3s",
              "provisioner": "terraform"
            },
            "name": "extenship-test",
            "public_key": "ssh-ed25519 AAAAC3NzaC1lZDI1NTE5AAAAIMNbDF9gzTrHWTJ3YHEnRDlL9MhQ/lB2UdGdu22u34lY\n"
          },
          "sensitive_attributes": [],
          "private": "bnVsbA=="
        }
      ]
    },
    {
      "module": "module.kube-hetzner",
      "mode": "managed",
      "type": "local_file",
      "name": "kustomization_backup",
      "provider": "provider[\"registry.terraform.io/hashicorp/local\"]",
      "instances": [
        {
          "index_key": 0,
          "schema_version": 0,
          "attributes": {
            "content": "\"apiVersion\": \"kustomize.config.k8s.io/v1beta1\"\n\"kind\": \"Kustomization\"\n\"patchesStrategicMerge\":\n- |\n  apiVersion: apps/v1\n  kind: Deployment\n  metadata:\n    name: system-upgrade-controller\n    namespace: system-upgrade\n  spec:\n    template:\n      spec:\n        containers:\n          - name: system-upgrade-controller\n            volumeMounts:\n              - name: ca-certificates\n                mountPath: /var/lib/ca-certificates\n        volumes:\n          - name: ca-certificates\n            hostPath:\n              path: /var/lib/ca-certificates\n              type: Directory\n- \"kured.yaml\"\n- \"ccm.yaml\"\n- \"calico.yaml\"\n\"resources\":\n- \"https://github.com/hetznercloud/hcloud-cloud-controller-manager/releases/download/v1.21.0/ccm-networks.yaml\"\n- \"https://github.com/weaveworks/kured/releases/download/1.16.2/kured-1.16.2-dockerhub.yaml\"\n- \"https://raw.githubusercontent.com/rancher/system-upgrade-controller/master/manifests/system-upgrade-controller.yaml\"\n- \"hcloud-csi.yml\"\n- \"nginx_ingress.yaml\"\n- \"https://raw.githubusercontent.com/projectcalico/calico/v3.29.1/manifests/calico.yaml\"\n- \"cert_manager.yaml\"\n",
            "content_base64": null,
            "content_base64sha256": "Ibk69pilSQqXfi7MtoU2Cme0WdM1AQKeZtxu9yLyv50=",
            "content_base64sha512": "923l1vMVo/Qg5bUBxljKMWUm4lItME0qCgs+ZBfQbbjpy8O7OZIR+RDlHa5kK/G9/siWuoc6q7fkSKxCs2wUsw==",
            "content_md5": "93e4e0f0a1070855657ed935d29d2e6f",
            "content_sha1": "5679dd915b5594646714df29052b7ca2d8af4fe4",
            "content_sha256": "21b93af698a5490a977e2eccb685360a67b459d33501029e66dc6ef722f2bf9d",
            "content_sha512": "f76de5d6f315a3f420e5b501c658ca316526e2522d304d2a0a0b3e6417d06db8e9cbc3bb399211f910e51dae642bf1bdfec896ba873aabb7e448ac42b36c14b3",
            "directory_permission": "0777",
            "file_permission": "600",
            "filename": "extenship-test_kustomization_backup.yaml",
            "id": "5679dd915b5594646714df29052b7ca2d8af4fe4",
            "sensitive_content": null,
            "source": null
          },
          "sensitive_attributes": [
            [
              {
                "type": "get_attr",
                "value": "sensitive_content"
              }
            ]
          ],
          "dependencies": [
            "module.kube-hetzner.data.github_release.calico",
            "module.kube-hetzner.data.github_release.hetzner_ccm",
            "module.kube-hetzner.data.github_release.hetzner_csi",
            "module.kube-hetzner.data.github_release.kured",
            "module.kube-hetzner.data.hcloud_image.microos_snapshot",
            "module.kube-hetzner.data.hcloud_ssh_keys.keys_by_selector",
            "module.kube-hetzner.data.remote_file.kustomization_backup",
            "module.kube-hetzner.hcloud_firewall.k3s",
            "module.kube-hetzner.hcloud_load_balancer.control_plane",
            "module.kube-hetzner.hcloud_load_balancer_network.control_plane",
            "module.kube-hetzner.hcloud_network.k3s",
            "module.kube-hetzner.hcloud_network_subnet.agent",
            "module.kube-hetzner.hcloud_network_subnet.control_plane",
            "module.kube-hetzner.hcloud_placement_group.agent",
            "module.kube-hetzner.hcloud_placement_group.control_plane",
            "module.kube-hetzner.hcloud_ssh_key.k3s",
            "module.kube-hetzner.hcloud_volume.longhorn_volume",
            "module.kube-hetzner.module.agents.data.cloudinit_config.config",
            "module.kube-hetzner.module.agents.hcloud_rdns.server",
            "module.kube-hetzner.module.agents.hcloud_server.server",
            "module.kube-hetzner.module.agents.hcloud_server_network.server",
            "module.kube-hetzner.module.agents.null_resource.registries",
            "module.kube-hetzner.module.agents.random_string.identity_file",
            "module.kube-hetzner.module.agents.random_string.server",
            "module.kube-hetzner.module.control_planes.data.cloudinit_config.config",
            "module.kube-hetzner.module.control_planes.hcloud_rdns.server",
            "module.kube-hetzner.module.control_planes.hcloud_server.server",
            "module.kube-hetzner.module.control_planes.hcloud_server_network.server",
            "module.kube-hetzner.module.control_planes.null_resource.registries",
            "module.kube-hetzner.module.control_planes.random_string.identity_file",
            "module.kube-hetzner.module.control_planes.random_string.server",
            "module.kube-hetzner.null_resource.first_control_plane",
            "module.kube-hetzner.null_resource.kustomization",
            "module.kube-hetzner.random_password.k3s_token",
            "module.kube-hetzner.random_password.rancher_bootstrap"
          ]
        }
      ]
    },
    {
      "module": "module.kube-hetzner",
      "mode": "managed",
      "type": "local_sensitive_file",
      "name": "kubeconfig",
      "provider": "provider[\"registry.terraform.io/hashicorp/local\"]",
      "instances": [
        {
          "index_key": 0,
          "schema_version": 0,
          "attributes": {
            "content": "apiVersion: v1\nclusters:\n- cluster:\n    certificate-authority-data: LS0tLS1CRUdJTiBDRVJUSUZJQ0FURS0tLS0tCk1JSUJkakNDQVIyZ0F3SUJBZ0lCQURBS0JnZ3Foa2pPUFFRREFqQWpNU0V3SHdZRFZRUUREQmhyTTNNdGMyVnkKZG1WeUxXTmhRREUzTURjNE1qRTJPREF3SGhjTk1qUXdNakV6TVRBMU5EUXdXaGNOTXpRd01qRXdNVEExTkRRdwpXakFqTVNFd0h3WURWUVFEREJock0zTXRjMlZ5ZG1WeUxXTmhRREUzTURjNE1qRTJPREF3V1RBVEJnY3Foa2pPClBRSUJCZ2dxaGtqT1BRTUJCd05DQUFSWTYyemtZamhXTThwS1Q3aUpTNlA2eS93aHFPWGpzTXU2ZUxyNDJLRVYKMnRZTkJyNncyQ0JUOGg0NnFPNWh0OGFqRk9jRlo3WDQyK21GN0pPMmVtSFNvMEl3UURBT0JnTlZIUThCQWY4RQpCQU1DQXFRd0R3WURWUjBUQVFIL0JBVXdBd0VCL3pBZEJnTlZIUTRFRmdRVWVqUGNYcDZTeXVKZ0F2dGtaYVowCk0xWVdYS1V3Q2dZSUtvWkl6ajBFQXdJRFJ3QXdSQUlnSmkrc3Y1NlUvekwzQ2h4RGVzVXNiWWRTTE5vaWFDNXgKdWp1UHd5NzNGcGtDSUZ0MUNVM2pTckhtVFhlbVBRV1oyU3RVUVl0WFVIdWlXQ0RFVWFVUEh3aTkKLS0tLS1FTkQgQ0VSVElGSUNBVEUtLS0tLQo=\n    server: https://138.201.185.225:6443\n  name: extenship-test\ncontexts:\n- context:\n    cluster: extenship-test\n    user: extenship-test\n  name: extenship-test\ncurrent-context: extenship-test\nkind: Config\npreferences: {}\nusers:\n- name: extenship-test\n  user:\n    client-certificate-data: LS0tLS1CRUdJTiBDRVJUSUZJQ0FURS0tLS0tCk1JSUJrRENDQVRlZ0F3SUJBZ0lJZVBsUXZXanMxY1l3Q2dZSUtvWkl6ajBFQXdJd0l6RWhNQjhHQTFVRUF3d1kKYXpOekxXTnNhV1Z1ZEMxallVQXhOekEzT0RJeE5qZ3dNQjRYRFRJME1ESXhNekV3TlRRME1Gb1hEVEkxTURJeApNakV3TlRRME1Gb3dNREVYTUJVR0ExVUVDaE1PYzNsemRHVnRPbTFoYzNSbGNuTXhGVEFUQmdOVkJBTVRESE41CmMzUmxiVHBoWkcxcGJqQlpNQk1HQnlxR1NNNDlBZ0VHQ0NxR1NNNDlBd0VIQTBJQUJEZWRZclJLMDVaMTZQWUkKNG50TGZDckJ2bGJ5Vkg4REp1T2NSdDhwZzRzNHdpUHhmbTNYdEZpR3JKRTBUSGtSaFdiWnVuYUJ3SDEvcmRVeApkY2IwMWpTalNEQkdNQTRHQTFVZER3RUIvd1FFQXdJRm9EQVRCZ05WSFNVRUREQUtCZ2dyQmdFRkJRY0RBakFmCkJnTlZIU01FR0RBV2dCUXRmZnlkV3NYWTFvZ0c1ZVpYSGNqNXJ0OURxREFLQmdncWhrak9QUVFEQWdOSEFEQkUKQWlCRlg4TFR1SFZCMllDbGhqbWZ6MjFHZkE5NXJSejBSbXZzY1pFSWNZQlViZ0lnSm1PMk1uODI5MmtDcjYxTwpwOTlxOXhaQy9qa2lrVyt0VDZlNVFUZThZMmM9Ci0tLS0tRU5EIENFUlRJRklDQVRFLS0tLS0KLS0tLS1CRUdJTiBDRVJUSUZJQ0FURS0tLS0tCk1JSUJkakNDQVIyZ0F3SUJBZ0lCQURBS0JnZ3Foa2pPUFFRREFqQWpNU0V3SHdZRFZRUUREQmhyTTNNdFkyeHAKWlc1MExXTmhRREUzTURjNE1qRTJPREF3SGhjTk1qUXdNakV6TVRBMU5EUXdXaGNOTXpRd01qRXdNVEExTkRRdwpXakFqTVNFd0h3WURWUVFEREJock0zTXRZMnhwWlc1MExXTmhRREUzTURjNE1qRTJPREF3V1RBVEJnY3Foa2pPClBRSUJCZ2dxaGtqT1BRTUJCd05DQUFSeDdkV3FGdEtXSG1yRWVYZUoxM0tIeGJkUkhZSTJmbkd2aGxrS3kyS2EKc2MwS01xeHFYanlSV1BxbUVYaDZJRHZaWTJVbUw3cmRvZ2t0ZjhVV3NLcDVvMEl3UURBT0JnTlZIUThCQWY4RQpCQU1DQXFRd0R3WURWUjBUQVFIL0JBVXdBd0VCL3pBZEJnTlZIUTRFRmdRVUxYMzhuVnJGMk5hSUJ1WG1WeDNJCithN2ZRNmd3Q2dZSUtvWkl6ajBFQXdJRFJ3QXdSQUlnVnVsZ1Z2SGxic1JqVWh3WE02ZWFtZ2hsM3VMb2hGNnUKMGFzbkNSSFpCZklDSUhnd3dhd1RTbllvY2MvT0U2MGJ1ZCt3SWRBeCtGVFdDcTFRQ0VkZUdBaUsKLS0tLS1FTkQgQ0VSVElGSUNBVEUtLS0tLQo=\n    client-key-data: LS0tLS1CRUdJTiBFQyBQUklWQVRFIEtFWS0tLS0tCk1IY0NBUUVFSUFqZW1GMlcwYXkyMllyOFlQK2F1Z2JReHk0ZFJZejBnWC9WeFNDK1p2UWFvQW9HQ0NxR1NNNDkKQXdFSG9VUURRZ0FFTjUxaXRFclRsblhvOWdqaWUwdDhLc0crVnZKVWZ3TW00NXhHM3ltRGl6akNJL0YrYmRlMApXSWFza1RSTWVSR0ZadG02ZG9IQWZYK3QxVEYxeHZUV05BPT0KLS0tLS1FTkQgRUMgUFJJVkFURSBLRVktLS0tLQo=\n",
            "content_base64": null,
            "content_base64sha256": "rZCckHzaJW3KgMWcLOKwYVYyhiK4/3Dg/G7GQ+Spb2w=",
            "content_base64sha512": "fSIkknTz0f/v5Z3fLp04dfZUmRKWn/Wvhq8z2axACRg4LX/KHymu9/EB6jbJ6Dt7y4+fhz1xdi31d+podmNF5A==",
            "content_md5": "edeaea263f2b7105c6a88e10cf935d7f",
            "content_sha1": "fc1820483e8190d4a504fb2f226838bbe29b2526",
            "content_sha256": "ad909c907cda256dca80c59c2ce2b06156328622b8ff70e0fc6ec643e4a96f6c",
            "content_sha512": "7d22249274f3d1ffefe59ddf2e9d3875f6549912969ff5af86af33d9ac400918382d7fca1f29aef7f101ea36c9e83b7bcb8f9f873d71762df577ea68766345e4",
            "directory_permission": "0700",
            "file_permission": "600",
            "filename": "extenship-test_kubeconfig.yaml",
            "id": "fc1820483e8190d4a504fb2f226838bbe29b2526",
            "source": null
          },
          "sensitive_attributes": [
            [
              {
                "type": "get_attr",
                "value": "content_base64"
              }
            ],
            [
              {
                "type": "get_attr",
                "value": "content"
              }
            ]
          ],
          "dependencies": [
            "module.kube-hetzner.data.hcloud_image.microos_snapshot",
            "module.kube-hetzner.data.hcloud_ssh_keys.keys_by_selector",
            "module.kube-hetzner.data.remote_file.kubeconfig",
            "module.kube-hetzner.hcloud_firewall.k3s",
            "module.kube-hetzner.hcloud_load_balancer.control_plane",
            "module.kube-hetzner.hcloud_load_balancer_network.control_plane",
            "module.kube-hetzner.hcloud_network.k3s",
            "module.kube-hetzner.hcloud_network_subnet.control_plane",
            "module.kube-hetzner.hcloud_placement_group.control_plane",
            "module.kube-hetzner.hcloud_ssh_key.k3s",
            "module.kube-hetzner.module.control_planes.data.cloudinit_config.config",
            "module.kube-hetzner.module.control_planes.hcloud_rdns.server",
            "module.kube-hetzner.module.control_planes.hcloud_server.server",
            "module.kube-hetzner.module.control_planes.hcloud_server_network.server",
            "module.kube-hetzner.module.control_planes.null_resource.registries",
            "module.kube-hetzner.module.control_planes.random_string.identity_file",
            "module.kube-hetzner.module.control_planes.random_string.server",
            "module.kube-hetzner.null_resource.control_planes",
            "module.kube-hetzner.null_resource.first_control_plane",
            "module.kube-hetzner.random_password.k3s_token"
          ]
        }
      ]
    },
    {
      "module": "module.kube-hetzner",
      "mode": "managed",
      "type": "null_resource",
      "name": "agents",
      "provider": "provider[\"registry.terraform.io/hashicorp/null\"]",
      "instances": [
        {
          "index_key": "0-0-app",
          "schema_version": 0,
          "attributes": {
            "id": "731734425241824097",
            "triggers": {
              "agent_id": "43348825"
            }
          },
          "sensitive_attributes": [],
          "dependencies": [
            "module.kube-hetzner.data.hcloud_image.microos_snapshot",
            "module.kube-hetzner.data.hcloud_ssh_keys.keys_by_selector",
            "module.kube-hetzner.hcloud_firewall.k3s",
            "module.kube-hetzner.hcloud_load_balancer.control_plane",
            "module.kube-hetzner.hcloud_load_balancer_network.control_plane",
            "module.kube-hetzner.hcloud_network.k3s",
            "module.kube-hetzner.hcloud_network_subnet.agent",
            "module.kube-hetzner.hcloud_network_subnet.control_plane",
            "module.kube-hetzner.hcloud_placement_group.agent",
            "module.kube-hetzner.hcloud_placement_group.control_plane",
            "module.kube-hetzner.hcloud_ssh_key.k3s",
            "module.kube-hetzner.module.agents.data.cloudinit_config.config",
            "module.kube-hetzner.module.agents.hcloud_rdns.server",
            "module.kube-hetzner.module.agents.hcloud_server.server",
            "module.kube-hetzner.module.agents.hcloud_server_network.server",
            "module.kube-hetzner.module.agents.null_resource.registries",
            "module.kube-hetzner.module.agents.random_string.identity_file",
            "module.kube-hetzner.module.agents.random_string.server",
            "module.kube-hetzner.module.control_planes.data.cloudinit_config.config",
            "module.kube-hetzner.module.control_planes.hcloud_rdns.server",
            "module.kube-hetzner.module.control_planes.hcloud_server.server",
            "module.kube-hetzner.module.control_planes.hcloud_server_network.server",
            "module.kube-hetzner.module.control_planes.null_resource.registries",
            "module.kube-hetzner.module.control_planes.random_string.identity_file",
            "module.kube-hetzner.module.control_planes.random_string.server",
            "module.kube-hetzner.null_resource.first_control_plane",
            "module.kube-hetzner.random_password.k3s_token"
          ]
        }
      ]
    },
    {
      "module": "module.kube-hetzner",
      "mode": "managed",
      "type": "null_resource",
      "name": "control_planes",
      "provider": "provider[\"registry.terraform.io/hashicorp/null\"]",
      "instances": [
        {
          "index_key": "0-0-master",
          "schema_version": 0,
          "attributes": {
            "id": "498874533147135010",
            "triggers": {
              "control_plane_id": "43348826"
            }
          },
          "sensitive_attributes": [],
          "dependencies": [
            "module.kube-hetzner.data.hcloud_image.microos_snapshot",
            "module.kube-hetzner.data.hcloud_ssh_keys.keys_by_selector",
            "module.kube-hetzner.hcloud_firewall.k3s",
            "module.kube-hetzner.hcloud_load_balancer.control_plane",
            "module.kube-hetzner.hcloud_load_balancer_network.control_plane",
            "module.kube-hetzner.hcloud_network.k3s",
            "module.kube-hetzner.hcloud_network_subnet.control_plane",
            "module.kube-hetzner.hcloud_placement_group.control_plane",
            "module.kube-hetzner.hcloud_ssh_key.k3s",
            "module.kube-hetzner.module.control_planes.data.cloudinit_config.config",
            "module.kube-hetzner.module.control_planes.hcloud_rdns.server",
            "module.kube-hetzner.module.control_planes.hcloud_server.server",
            "module.kube-hetzner.module.control_planes.hcloud_server_network.server",
            "module.kube-hetzner.module.control_planes.null_resource.registries",
            "module.kube-hetzner.module.control_planes.random_string.identity_file",
            "module.kube-hetzner.module.control_planes.random_string.server",
            "module.kube-hetzner.null_resource.first_control_plane",
            "module.kube-hetzner.random_password.k3s_token"
          ]
        }
      ]
    },
    {
      "module": "module.kube-hetzner",
      "mode": "managed",
      "type": "null_resource",
      "name": "first_control_plane",
      "provider": "provider[\"registry.terraform.io/hashicorp/null\"]",
      "instances": [
        {
          "schema_version": 0,
          "attributes": {
            "id": "2302341963957004819",
            "triggers": null
          },
          "sensitive_attributes": [],
          "dependencies": [
            "module.kube-hetzner.data.hcloud_image.microos_snapshot",
            "module.kube-hetzner.data.hcloud_ssh_keys.keys_by_selector",
            "module.kube-hetzner.hcloud_firewall.k3s",
            "module.kube-hetzner.hcloud_load_balancer.control_plane",
            "module.kube-hetzner.hcloud_load_balancer_network.control_plane",
            "module.kube-hetzner.hcloud_network.k3s",
            "module.kube-hetzner.hcloud_network_subnet.control_plane",
            "module.kube-hetzner.hcloud_placement_group.control_plane",
            "module.kube-hetzner.hcloud_ssh_key.k3s",
            "module.kube-hetzner.module.control_planes.data.cloudinit_config.config",
            "module.kube-hetzner.module.control_planes.hcloud_rdns.server",
            "module.kube-hetzner.module.control_planes.hcloud_server.server",
            "module.kube-hetzner.module.control_planes.hcloud_server_network.server",
            "module.kube-hetzner.module.control_planes.null_resource.registries",
            "module.kube-hetzner.module.control_planes.random_string.identity_file",
            "module.kube-hetzner.module.control_planes.random_string.server",
            "module.kube-hetzner.random_password.k3s_token"
          ]
        }
      ]
    },
    {
      "module": "module.kube-hetzner",
      "mode": "managed",
      "type": "null_resource",
      "name": "kustomization",
      "provider": "provider[\"registry.terraform.io/hashicorp/null\"]",
      "instances": [
        {
          "schema_version": 0,
          "attributes": {
            "id": "3075988210581025383",
            "triggers": {
              "helm_values_yaml": "deployment:\n  replicas: 1\nglobalArguments: []\nservice:\n  enabled: true\n  type: LoadBalancer\n  annotations:\n    \"load-balancer.hetzner.cloud/name\": \"extenship-test\"\n    \"load-balancer.hetzner.cloud/use-private-ip\": \"true\"\n    \"load-balancer.hetzner.cloud/disable-private-ingress\": \"true\"\n    \"load-balancer.hetzner.cloud/ipv6-disabled\": \"false\"\n    \"load-balancer.hetzner.cloud/location\": \"fsn1\"\n    \"load-balancer.hetzner.cloud/type\": \"lb11\"\n    \"load-balancer.hetzner.cloud/uses-proxyprotocol\": \"true\"\nports:\n  web:\n    redirectTo: websecure\n    proxyProtocol:\n      trustedIPs:\n        - 127.0.0.1/32\n        - 10.0.0.0/8\n    forwardedHeaders:\n      trustedIPs:\n        - 127.0.0.1/32\n        - 10.0.0.0/8\n  websecure:\n    proxyProtocol:\n      trustedIPs:\n        - 127.0.0.1/32\n        - 10.0.0.0/8\n    forwardedHeaders:\n      trustedIPs:\n        - 127.0.0.1/32\n        - 10.0.0.0/8\nadditionalArguments:\n---\ncontroller:\n  watchIngressWithoutClass: \"true\"\n  kind: \"Deployment\"\n  replicaCount: 1\n  config:\n    \"use-forwarded-headers\": \"true\"\n    \"compute-full-forwarded-for\": \"true\"\n    \"use-proxy-protocol\": \"true\"\n  service:\n    annotations:\n      \"load-balancer.hetzner.cloud/name\": \"extenship-test\"\n      \"load-balancer.hetzner.cloud/use-private-ip\": \"true\"\n      \"load-balancer.hetzner.cloud/disable-private-ingress\": \"true\"\n      \"load-balancer.hetzner.cloud/ipv6-disabled\": \"false\"\n      \"load-balancer.hetzner.cloud/location\": \"fsn1\"\n      \"load-balancer.hetzner.cloud/type\": \"lb11\"\n      \"load-balancer.hetzner.cloud/uses-proxyprotocol\": \"true\"\n---\nkind: DaemonSet\napiVersion: apps/v1\nmetadata:\n  name: calico-node\n  namespace: kube-system\n  labels:\n    k8s-app: calico-node\nspec:\n  template:\n    spec:\n      volumes:\n        - name: flexvol-driver-host\n          hostPath:\n            type: DirectoryOrCreate\n            path: /var/lib/kubelet/volumeplugins/nodeagent~uds\n      containers:\n        - name: calico-node\n          env:\n            - name: CALICO_IPV4POOL_CIDR\n              value: \"10.42.0.0/16\"\n            - name: FELIX_WIREGUARDENABLED\n              value: \"false\"\n\n---\nipam:\n operator:\n  clusterPoolIPv4PodCIDRList:\n   - 10.42.0.0/16\ndevices: \"eth1\"\n---\ndefaultSettings:\n  defaultDataPath: /var/longhorn\npersistence:\n  defaultFsType: ext4\n  defaultClassReplicaCount: 3\n  defaultClass: false---\ninstallCRDs: true\n---\nhostname: \"\"\nreplicas: 1\nbootstrapPassword: \"AL9Ygqnlnsu5tXMoxha7fJPZpc0eRLhgX8RvviKUT0ccU8Vy\"\n",
              "options": "",
              "versions": "v1.25.0\nN/A\nN/A\nN/A\nN/A"
            }
          },
          "sensitive_attributes": [
            [
              {
                "type": "get_attr",
                "value": "triggers"
              },
              {
                "type": "index",
                "value": {
                  "value": "helm_values_yaml",
                  "type": "string"
                }
              }
            ]
          ],
          "dependencies": [
            "module.kube-hetzner.data.github_release.calico",
            "module.kube-hetzner.data.github_release.hetzner_ccm",
            "module.kube-hetzner.data.github_release.hetzner_csi",
            "module.kube-hetzner.data.github_release.kured",
            "module.kube-hetzner.data.hcloud_image.microos_snapshot",
            "module.kube-hetzner.data.hcloud_ssh_keys.keys_by_selector",
            "module.kube-hetzner.hcloud_firewall.k3s",
            "module.kube-hetzner.hcloud_load_balancer.control_plane",
            "module.kube-hetzner.hcloud_load_balancer_network.control_plane",
            "module.kube-hetzner.hcloud_network.k3s",
            "module.kube-hetzner.hcloud_network_subnet.agent",
            "module.kube-hetzner.hcloud_network_subnet.control_plane",
            "module.kube-hetzner.hcloud_placement_group.agent",
            "module.kube-hetzner.hcloud_placement_group.control_plane",
            "module.kube-hetzner.hcloud_ssh_key.k3s",
            "module.kube-hetzner.hcloud_volume.longhorn_volume",
            "module.kube-hetzner.module.agents.data.cloudinit_config.config",
            "module.kube-hetzner.module.agents.hcloud_rdns.server",
            "module.kube-hetzner.module.agents.hcloud_server.server",
            "module.kube-hetzner.module.agents.hcloud_server_network.server",
            "module.kube-hetzner.module.agents.null_resource.registries",
            "module.kube-hetzner.module.agents.random_string.identity_file",
            "module.kube-hetzner.module.agents.random_string.server",
            "module.kube-hetzner.module.control_planes.data.cloudinit_config.config",
            "module.kube-hetzner.module.control_planes.hcloud_rdns.server",
            "module.kube-hetzner.module.control_planes.hcloud_server.server",
            "module.kube-hetzner.module.control_planes.hcloud_server_network.server",
            "module.kube-hetzner.module.control_planes.null_resource.registries",
            "module.kube-hetzner.module.control_planes.random_string.identity_file",
            "module.kube-hetzner.module.control_planes.random_string.server",
            "module.kube-hetzner.null_resource.first_control_plane",
            "module.kube-hetzner.random_password.k3s_token",
            "module.kube-hetzner.random_password.rancher_bootstrap"
          ]
        }
      ]
    },
    {
      "module": "module.kube-hetzner",
      "mode": "managed",
      "type": "random_password",
      "name": "k3s_token",
      "provider": "provider[\"registry.terraform.io/hashicorp/random\"]",
      "instances": [
        {
          "schema_version": 3,
          "attributes": {
            "bcrypt_hash": "$2a$10$FoEP4vgEqyqVm8KKeV4wvepS7HD1aUkUV/wnIqbKA9j7eW9020YTK",
            "id": "none",
            "keepers": null,
            "length": 48,
            "lower": true,
            "min_lower": 0,
            "min_numeric": 0,
            "min_special": 0,
            "min_upper": 0,
            "number": true,
            "numeric": true,
            "override_special": null,
            "result": "Zd3iJBBomkr97AwBozk1SvQnoDp14vvlrRKbMbmEzvmgTrym",
            "special": false,
            "upper": true
          },
          "sensitive_attributes": [
            [
              {
                "type": "get_attr",
                "value": "result"
              }
            ],
            [
              {
                "type": "get_attr",
                "value": "bcrypt_hash"
              }
            ]
          ]
        }
      ]
    },
    {
      "module": "module.kube-hetzner",
      "mode": "managed",
      "type": "random_password",
      "name": "rancher_bootstrap",
      "provider": "provider[\"registry.terraform.io/hashicorp/random\"]",
      "instances": [
        {
          "index_key": 0,
          "schema_version": 3,
          "attributes": {
            "bcrypt_hash": "$2a$10$o/LiyghRJq2MN0sW23oYh.HN.RV18Gmy7InzIKDpG6jvGQx7TdZaW",
            "id": "none",
            "keepers": null,
            "length": 48,
            "lower": true,
            "min_lower": 0,
            "min_numeric": 0,
            "min_special": 0,
            "min_upper": 0,
            "number": true,
            "numeric": true,
            "override_special": null,
            "result": "AL9Ygqnlnsu5tXMoxha7fJPZpc0eRLhgX8RvviKUT0ccU8Vy",
            "special": false,
            "upper": true
          },
          "sensitive_attributes": [
            [
              {
                "type": "get_attr",
                "value": "result"
              }
            ],
            [
              {
                "type": "get_attr",
                "value": "bcrypt_hash"
              }
            ]
          ]
        }
      ]
    },
    {
      "module": "module.kube-hetzner.module.agents[\"0-0-app\"]",
      "mode": "data",
      "type": "cloudinit_config",
      "name": "config",
      "provider": "provider[\"registry.terraform.io/hashicorp/cloudinit\"]",
      "instances": [
        {
          "schema_version": 0,
          "attributes": {
            "base64_encode": true,
            "boundary": "MIMEBOUNDARY",
            "gzip": true,
            "id": "1253144066",
            "part": [
              {
                "content": "#cloud-config\n\ndebug: True\n\nwrite_files:\n\n# Script to rename the private interface to eth1\n- path: /etc/cloud/rename_interface.sh\n  content: |\n    #!/bin/bash\n    set -euo pipefail\n\n    sleep 11\n    \n    INTERFACE=$(ip link show | awk '/^3:/{print $2}' | sed 's/://g')\n    MAC=$(cat /sys/class/net/$INTERFACE/address)\n    \n    cat \u003c\u003cEOF \u003e /etc/udev/rules.d/70-persistent-net.rules\n    SUBSYSTEM==\"net\", ACTION==\"add\", DRIVERS==\"?*\", ATTR{address}==\"$MAC\", NAME=\"eth1\"\n    EOF\n\n    ip link set $INTERFACE down\n    ip link set $INTERFACE name eth1\n    ip link set eth1 up\n\n# Disable ssh password authentication\n- content: |\n    Port 22\n    PasswordAuthentication no\n    X11Forwarding no\n    MaxAuthTries 2\n    AllowTcpForwarding no\n    AllowAgentForwarding no\n    AuthorizedKeysFile .ssh/authorized_keys\n  path: /etc/ssh/sshd_config.d/kube-hetzner.conf\n\n# Set reboot method as \"kured\"\n- content: |\n    REBOOT_METHOD=kured\n  path: /etc/transactional-update.conf\n\n# Create Rancher repo config\n- content: |\n    [rancher-k3s-common-stable]\n    name=Rancher K3s Common (stable)\n    baseurl=https://rpm.rancher.io/k3s/stable/common/microos/noarch\n    enabled=1\n    gpgcheck=1\n    repo_gpgcheck=0\n    gpgkey=https://rpm.rancher.io/public.key\n  path: /etc/zypp/repos.d/rancher-k3s-common.repo\n\n# Create the kube_hetzner_selinux.te file, that allows in SELinux to not interfere with various needed services\n- path: /root/kube_hetzner_selinux.te\n  content: |\n    module kube_hetzner_selinux 1.0;\n\n    require {\n        type iscsid_t;\n        type iscsid_exec_t;\n        type var_run_t;\n        type init_t;\n        type unlabeled_t;\n        type systemd_logind_t;\n        type systemd_hostnamed_t;\n        type container_t;\n        type cert_t;\n        class file { open read execute execute_no_trans };\n        class sock_file write;\n        class unix_stream_socket connectto;\n        class dir { search rmdir read add_name remove_name };\n        class lnk_file { read create };\n    }\n\n    #============= iscsid_t ==============\n    # Allow iscsid to execute in its own domain\n    allow iscsid_t iscsid_exec_t:file execute;\n\n    # Allow iscsid to write to sock_files\n    allow iscsid_t var_run_t:sock_file write;\n\n    # Allow iscsid to connect to unix_stream_socket\n    allow iscsid_t var_run_t:unix_stream_socket connectto;\n\n    #============= init_t ==============\n    # Allow init_t to add names to unlabeled directories\n    allow init_t unlabeled_t:dir add_name;\n\n    # Allow init_t to remove names from unlabeled directories\n    allow init_t unlabeled_t:dir remove_name;\n\n    # Allow init_t to create symbolic links in unlabeled directories\n    allow init_t unlabeled_t:lnk_file create;\n\n    # Allow init_t to remove unlabeled directories\n    allow init_t unlabeled_t:dir rmdir;\n\n    #============= systemd_logind_t ==============\n    # Allow search operation for systemd-logind\n    allow systemd_logind_t unlabeled_t:dir search;\n\n    #============= systemd_hostnamed_t ==============\n    # Allow search operation for systemd-hostnamed\n    allow systemd_hostnamed_t unlabeled_t:dir search;\n\n    #============= container_t ==============\n    # Allow read operation for cluster-autoscaler and system-upgrade containers\n    allow container_t cert_t:dir read;\n    allow container_t cert_t:lnk_file read;\n    allow container_t cert_t:file read;\n    allow container_t cert_t:file open;\n\n# Create the k3s registries file if needed\n\n# Create k3s registries file\n- content: IA==\n  encoding: base64\n  path: /etc/rancher/k3s/registries.yaml\n\n\n# Apply new DNS config\n\n# Set prepare for manual dns config\n- content: |\n    [main]\n    dns=none\n  path: /etc/NetworkManager/conf.d/dns.conf\n\n- content: |\n        nameserver 1.1.1.1\n        nameserver 8.8.8.8\n        nameserver 9.9.9.9\n    \n  path: /etc/resolv.conf\n  permissions: '0644'\n\n\n\n# Add ssh authorized keys\nssh_authorized_keys:\n  - ssh-ed25519 AAAAC3NzaC1lZDI1NTE5AAAAIMNbDF9gzTrHWTJ3YHEnRDlL9MhQ/lB2UdGdu22u34lY\n\n\n# Resize /var, not /, as that's the last partition in MicroOS image.\ngrowpart:\n    devices: [\"/var\"]\n\n# Make sure the hostname is set correctly\nhostname: app-fwr\npreserve_hostname: true\n\nruncmd:\n\n# ensure that /var uses full available disk size, thanks to btrfs this is easy\n- [btrfs, 'filesystem', 'resize', 'max', '/var']\n\n# SELinux permission for the SSH alternative port\n\n\n# Create and apply the necessary SELinux module for kube-hetzner\n- [checkmodule, '-M', '-m', '-o', '/root/kube_hetzner_selinux.mod', '/root/kube_hetzner_selinux.te']\n- ['semodule_package', '-o', '/root/kube_hetzner_selinux.pp', '-m', '/root/kube_hetzner_selinux.mod']\n- [semodule, '-i', '/root/kube_hetzner_selinux.pp']\n\n# Disable rebootmgr service as we use kured instead\n- [systemctl, disable, '--now', 'rebootmgr.service']\n\n\n# Set the dns manually\n- [systemctl, 'reload', 'NetworkManager']\n\n\n# Bounds the amount of logs that can survive on the system\n- [sed, '-i', 's/#SystemMaxUse=/SystemMaxUse=3G/g', /etc/systemd/journald.conf]\n- [sed, '-i', 's/#MaxRetentionSec=/MaxRetentionSec=1week/g', /etc/systemd/journald.conf]\n\n# Reduces the default number of snapshots from 2-10 number limit, to 4 and from 4-10 number limit important, to 2\n- [sed, '-i', 's/NUMBER_LIMIT=\"2-10\"/NUMBER_LIMIT=\"4\"/g', /etc/snapper/configs/root]\n- [sed, '-i', 's/NUMBER_LIMIT_IMPORTANT=\"4-10\"/NUMBER_LIMIT_IMPORTANT=\"3\"/g', /etc/snapper/configs/root]\n\n# Allow network interface\n- [chmod, '+x', '/etc/cloud/rename_interface.sh']\n\n# Restart the sshd service to apply the new config\n- [systemctl, 'restart', 'sshd']\n\n# Make sure the network is up\n- [systemctl, restart, NetworkManager]\n- [systemctl, status, NetworkManager]\n- [ip, route, add, default, via, '172.31.1.1', dev, 'eth0']\n\n# Cleanup some logs\n- [truncate, '-s', '0', '/var/log/audit/audit.log']\n",
                "content_type": "text/cloud-config",
                "filename": "init.cfg",
                "merge_type": null
              }
            ],
            "rendered": "H4sIAAAAAAAA/5xYfXMbt9H//2b8HfahPcPkKY8nSkpS02E7tETHakIpFem0bkblgIclDyUOuAI4UrTj795Z4EgdXyQnlmakO+wP+76LxV1o5VC5eLwusAt5KZ0omHFJLu6Rv4KpLhVnZt1rDK+Gg9c3764v+7fvGxG9xb+gsUKrLnTaJ8+iZ1Ec10HPog3vS2ELbYXzWOYcS7MclXsFMyFRsRx7DaGEa6ezeeNh19gwZWdo4oFKNRdq3oXvpsLVAF5lh/cuSaUueZxqNRPzZ9FQ5Hig3PM6Joo4Tst5F8amxChaGeFwQtrYbhQ9h1FqROHAaTBeP3AZQmHEkjkEoRyaGUuR6OiyThRDwVzWhQRdGlRJwr7JFtu2WQSQBs278FsEAPD8/5KpUMmUeSKARQcxlhoKUeCMCRmFZYlYQKfjX/yfq+vx4PZN/2LQe/GVKEAKtQCb6RX8Bmy1gGby77Nu8rEwQjl4cfqpCb+BRQ5Nm3STZN782jMZ9i96L75KmYPErm2SSmZtotAlL7bsE8a5QWu/fhBN+O+/H9y8gb8Ee0uOy8SUEm2bJ9+dxAX53foAKXRtT/E7R+9ej96PxoNhr9dQ6Bot6F+Mr26ue70G47zRgsvbq18Gt6Ner/HX/yfqeHz7sVLgU6/XeDHsXzRacN0fDnoN8nvDsx3cvAlu2joCHTyYAFyv1FN0H18fxn0QLUJZUEJcCsumEsHaDApm7UobDqx0GSonUkaZHcX74f1ZGwenp+G52tTf2QNKe+o/O5032qyYoTTfLA7ZPaHHRqCFwKUvpV6N0+IQ7Cn9OSp3hFa6TBvxAfmPuLZvhERoW5slbLs+WeCaglRLYwJYm/FJKJg2TxblFOMM3QeFpk2rvlLQgcGp1g5ydJnmwCw0FqVB3jj0yO3g9c3NeDIcjN/eXPY8aleqo5pnKfmGybgsOHO4lXVhkOrvlqk0QwMGCw1VOR9I+tUEVLw4s3Gq81yr2DqK4Z2n+66z4fTjmYULj4GvAigk/JRZLI3sZc4VtpskpsjbFd+20MnizCYBngQJSS5So7VNlGYmDTWNigC8F9JrXszTDNNF9UomTLZrJxvIAtePySzKqRRpe4HrXcd9WBdFQuyoCg9tbxOp5kPqZxTPSRXPiUUpVHnfduibcgtcxhwwyioLQsFo8BPRqeUp7aoeiAZhJVwGS2aELi0oRI4cLJqlSNE+NEajtUseEXjYF3PNS3lcQermr6LKef8thUH46N/ox60LBGFTK/jEvTq6jPeYHtCWzExMqQ73KOEOFksl2RQlHoqwa+sw5xOp50I9Ts60dZR+hwhyAxNk7QEFzY4mvln7SMFH0AUqMMg4kHWlw83/idITX1HwaX+r1enCH3jgz759cqnE/cQ6gyyfEBQdKacwdU7vY7kw8BEsUsqDyenVK8M4n/jmajDXSwzPB4pIVenxMexKQ4JWuE8h1M979Z9tiGFnuRegoRVWGH9EV04RCoSzoFcKuM6ZCKcCq6EnbjdNul6xan+VdYf8vQPpYetTe4zzNsm6B75/hHHlcXo8jMfTIp6O31Gf+lx/0qMB4TRF1jdQG1Sr6oESAVOn6byqaxe21cqmSymyyY5967dCQtZUcmZG518qqZZ+jwqrss6u86mWIvUzgO97XyBzm9GB6ecM/FKrqNCOh3K/Dz0V1KpsdYEmTCQzbTYM4sCgpssB532tArun1ar1vy/WbMvjiHJ1/n9Ev1r3fUov36V2tUplaR2amJVO25RJNMAUrxSKy2JuGK9193p060JDk+9uGuirp2HbNPsd2D+Eo+Pk1f6scGbB4FxY56dRjxOz6ryvYY/g6rPZVd87E7cXOpqwvj3fHWWq6cWPVw+82muWy4hE9YtCrkHhCi6vR5sBsBpFC4MFM+ijkjNVMglc2cenRDoGwkDIle0prXBXl2t0K20WQ6bYHE1CfNo84cpWQ+kBx81sSSMQGui0/e8x0p/b/vcY6WXb/24uXXXfoNVyGYQDFGhyYemWa7vQPPn2/LwZBRdx7q8qDxM++Anf2myyN/V3I4CYwDHy02++6byEfr/fvzi7/sAuOvJfl1ed6/HgG1q7Gl5PL9+8nH8Ym7f/GP/t7P3bgbq9lD+9HGZ/T+Tr03f8B16enpZn5/K91+IWrfiAkCyZafmpMWnR7YAmy6b1aSWZdVAw4/y3Aeq3Q5qgb0YgcjbHdjQ3ekX0bogR+rGyC782iGnjjqQM2QLBliYk6qb4QVh/h0u1oaYq19GG0gVWFPFsZaLCBIdPHkjOfw4wpUpz7r8EoKpY0zV5yQyUlvK6lBLYkgnpb4Vc2AWQrX5sppPDaZg6MyMrhSVdkNl1FMOvfrUFTT8m+P7QbEHTeE/RU87u6R+JanrzNoP3Q6x9cpOto9FbYNKhUcyJJUKhjYtqxUg9iPliIbTCFK1lZr1lWY3ZxK5+tyM1/YUk0FvQjIekU+xVjbXX7/GBPtf8MwiHzTsS0rQYREwKli7YHH8X/6J4UOYzangpGyG0SXye9139uh9utvncbK40lL8rpCQAf3sFoaxDxr0gH87UyRYlBO0nkbHSqxDiilW7YkWSqq5F4aE2FTqWXO9xaxqUmnmv7vajisVrXSoeCorlulQO9AyknodSg5Qpqo8lpYhWHhaYB+/wrWNs8nzkCUN2/85iL9l5O/shmTdb1ceBcNQm/9GlUUxy35DujvAbsvtbpP4otBph2kv2FzorxMVnGftmwssUg5UcZ6yUDlSZT9GQtVaxwmbaVZPiadw52VClyIVrUUWe+4rwgPN9AIicyoepAD09tOX63fD14Hby09XwatxrkITG3tp5o2aIYkVRnRhibn3OHXFQncHkavjzze24f02sDtjXqWefFRRtphUVEubho2Wo7lyTFn8KvebJr5bNyvvWMRMy1dpse8X3t4Fai1k9HLV7Gez3e6NtxptHOvdWUwtlsbe/2t6C3fy/24NZx1xpj6JE0QKjS4ctunm0NinUgqVgLWh2vjttn/mjukm0ZQua6LKToOeFRKbKAqzO0dcVMXR0SDDna9ySXSebvp1IPU9YyYULf9tSz5t3B5/H4/hZ9L8AAAD//zNbItJ9FwAA"
          },
          "sensitive_attributes": []
        }
      ]
    },
    {
      "module": "module.kube-hetzner.module.agents[\"0-0-app\"]",
      "mode": "managed",
      "type": "hcloud_server",
      "name": "server",
      "provider": "provider[\"registry.terraform.io/hetznercloud/hcloud\"]",
      "instances": [
        {
          "schema_version": 0,
          "attributes": {
            "allow_deprecated_images": false,
            "backup_window": "",
            "backups": false,
            "datacenter": "nbg1-dc3",
            "delete_protection": false,
            "firewall_ids": [
              1250515
            ],
            "id": "43348825",
            "ignore_remote_firewall_ids": false,
            "image": "149425672",
            "ipv4_address": "128.140.111.180",
            "ipv6_address": "2a01:4f8:1c1c:a65d::1",
            "ipv6_network": "2a01:4f8:1c1c:a65d::/64",
            "iso": null,
            "keep_disk": false,
            "labels": {
              "cluster": "extenship-test",
              "engine": "k3s",
              "provisioner": "terraform",
              "role": "agent_node"
            },
            "location": "nbg1",
            "name": "app-fwr",
            "network": [],
            "placement_group_id": 307526,
            "primary_disk_size": 160,
            "public_net": [],
            "rebuild_protection": false,
            "rescue": null,
            "server_type": "cpx31",
            "shutdown_before_deletion": false,
            "ssh_keys": [
              "19602981"
            ],
            "status": "running",
            "timeouts": null,
            "user_data": "pqkQ+NDlpE6xA//0Ynfb91pMVCA="
          },
          "sensitive_attributes": [],
          "private": "eyJlMmJmYjczMC1lY2FhLTExZTYtOGY4OC0zNDM2M2JjN2M0YzAiOnsiY3JlYXRlIjo1NDAwMDAwMDAwMDAwfX0=",
          "dependencies": [
            "module.kube-hetzner.data.hcloud_image.microos_snapshot",
            "module.kube-hetzner.data.hcloud_ssh_keys.keys_by_selector",
            "module.kube-hetzner.hcloud_firewall.k3s",
            "module.kube-hetzner.hcloud_network.k3s",
            "module.kube-hetzner.hcloud_network_subnet.agent",
            "module.kube-hetzner.hcloud_placement_group.agent",
            "module.kube-hetzner.hcloud_ssh_key.k3s",
            "module.kube-hetzner.module.agents.data.cloudinit_config.config",
            "module.kube-hetzner.module.agents.random_string.identity_file",
            "module.kube-hetzner.module.agents.random_string.server"
          ]
        }
      ]
    },
    {
      "module": "module.kube-hetzner.module.agents[\"0-0-app\"]",
      "mode": "managed",
      "type": "hcloud_server_network",
      "name": "server",
      "provider": "provider[\"registry.terraform.io/hetznercloud/hcloud\"]",
      "instances": [
        {
          "schema_version": 0,
          "attributes": {
            "alias_ips": [],
            "id": "43348825-3885633",
            "ip": "10.0.0.101",
            "mac_address": "86:00:00:78:40:69",
            "network_id": null,
            "server_id": 43348825,
            "subnet_id": "3885633-10.0.0.0/16"
          },
          "sensitive_attributes": [],
          "private": "bnVsbA==",
          "dependencies": [
            "module.kube-hetzner.data.hcloud_image.microos_snapshot",
            "module.kube-hetzner.data.hcloud_ssh_keys.keys_by_selector",
            "module.kube-hetzner.hcloud_firewall.k3s",
            "module.kube-hetzner.hcloud_network.k3s",
            "module.kube-hetzner.hcloud_network_subnet.agent",
            "module.kube-hetzner.hcloud_placement_group.agent",
            "module.kube-hetzner.hcloud_ssh_key.k3s",
            "module.kube-hetzner.module.agents.data.cloudinit_config.config",
            "module.kube-hetzner.module.agents.hcloud_server.server",
            "module.kube-hetzner.module.agents.random_string.identity_file",
            "module.kube-hetzner.module.agents.random_string.server"
          ]
        }
      ]
    },
    {
      "module": "module.kube-hetzner.module.agents[\"0-0-app\"]",
      "mode": "managed",
      "type": "null_resource",
      "name": "registries",
      "provider": "provider[\"registry.terraform.io/hashicorp/null\"]",
      "instances": [
        {
          "schema_version": 0,
          "attributes": {
            "id": "7665508709623889370",
            "triggers": {
              "registries": " "
            }
          },
          "sensitive_attributes": [],
          "dependencies": [
            "module.kube-hetzner.data.hcloud_image.microos_snapshot",
            "module.kube-hetzner.data.hcloud_ssh_keys.keys_by_selector",
            "module.kube-hetzner.hcloud_firewall.k3s",
            "module.kube-hetzner.hcloud_network.k3s",
            "module.kube-hetzner.hcloud_network_subnet.agent",
            "module.kube-hetzner.hcloud_placement_group.agent",
            "module.kube-hetzner.hcloud_ssh_key.k3s",
            "module.kube-hetzner.module.agents.data.cloudinit_config.config",
            "module.kube-hetzner.module.agents.hcloud_server.server",
            "module.kube-hetzner.module.agents.random_string.identity_file",
            "module.kube-hetzner.module.agents.random_string.server"
          ]
        }
      ]
    },
    {
      "module": "module.kube-hetzner.module.agents[\"0-0-app\"]",
      "mode": "managed",
      "type": "random_string",
      "name": "identity_file",
      "provider": "provider[\"registry.terraform.io/hashicorp/random\"]",
      "instances": [
        {
          "schema_version": 2,
          "attributes": {
            "id": "6opqgr5jqr9oc2bcjuez",
            "keepers": null,
            "length": 20,
            "lower": true,
            "min_lower": 0,
            "min_numeric": 0,
            "min_special": 0,
            "min_upper": 0,
            "number": true,
            "numeric": true,
            "override_special": null,
            "result": "6opqgr5jqr9oc2bcjuez",
            "special": false,
            "upper": false
          },
          "sensitive_attributes": [],
          "dependencies": [
            "module.kube-hetzner.hcloud_network.k3s",
            "module.kube-hetzner.hcloud_network_subnet.agent",
            "module.kube-hetzner.hcloud_placement_group.agent"
          ]
        }
      ]
    },
    {
      "module": "module.kube-hetzner.module.agents[\"0-0-app\"]",
      "mode": "managed",
      "type": "random_string",
      "name": "server",
      "provider": "provider[\"registry.terraform.io/hashicorp/random\"]",
      "instances": [
        {
          "schema_version": 2,
          "attributes": {
            "id": "fwr",
            "keepers": {
              "name": "app"
            },
            "length": 3,
            "lower": true,
            "min_lower": 0,
            "min_numeric": 0,
            "min_special": 0,
            "min_upper": 0,
            "number": false,
            "numeric": false,
            "override_special": null,
            "result": "fwr",
            "special": false,
            "upper": false
          },
          "sensitive_attributes": [],
          "dependencies": [
            "module.kube-hetzner.hcloud_network.k3s",
            "module.kube-hetzner.hcloud_network_subnet.agent",
            "module.kube-hetzner.hcloud_placement_group.agent"
          ]
        }
      ]
    },
    {
      "module": "module.kube-hetzner.module.control_planes[\"0-0-master\"]",
      "mode": "data",
      "type": "cloudinit_config",
      "name": "config",
      "provider": "provider[\"registry.terraform.io/hashicorp/cloudinit\"]",
      "instances": [
        {
          "schema_version": 0,
          "attributes": {
            "base64_encode": true,
            "boundary": "MIMEBOUNDARY",
            "gzip": true,
            "id": "3406499066",
            "part": [
              {
                "content": "#cloud-config\n\ndebug: True\n\nwrite_files:\n\n# Script to rename the private interface to eth1\n- path: /etc/cloud/rename_interface.sh\n  content: |\n    #!/bin/bash\n    set -euo pipefail\n\n    sleep 11\n    \n    INTERFACE=$(ip link show | awk '/^3:/{print $2}' | sed 's/://g')\n    MAC=$(cat /sys/class/net/$INTERFACE/address)\n    \n    cat \u003c\u003cEOF \u003e /etc/udev/rules.d/70-persistent-net.rules\n    SUBSYSTEM==\"net\", ACTION==\"add\", DRIVERS==\"?*\", ATTR{address}==\"$MAC\", NAME=\"eth1\"\n    EOF\n\n    ip link set $INTERFACE down\n    ip link set $INTERFACE name eth1\n    ip link set eth1 up\n\n# Disable ssh password authentication\n- content: |\n    Port 22\n    PasswordAuthentication no\n    X11Forwarding no\n    MaxAuthTries 2\n    AllowTcpForwarding no\n    AllowAgentForwarding no\n    AuthorizedKeysFile .ssh/authorized_keys\n  path: /etc/ssh/sshd_config.d/kube-hetzner.conf\n\n# Set reboot method as \"kured\"\n- content: |\n    REBOOT_METHOD=kured\n  path: /etc/transactional-update.conf\n\n# Create Rancher repo config\n- content: |\n    [rancher-k3s-common-stable]\n    name=Rancher K3s Common (stable)\n    baseurl=https://rpm.rancher.io/k3s/stable/common/microos/noarch\n    enabled=1\n    gpgcheck=1\n    repo_gpgcheck=0\n    gpgkey=https://rpm.rancher.io/public.key\n  path: /etc/zypp/repos.d/rancher-k3s-common.repo\n\n# Create the kube_hetzner_selinux.te file, that allows in SELinux to not interfere with various needed services\n- path: /root/kube_hetzner_selinux.te\n  content: |\n    module kube_hetzner_selinux 1.0;\n\n    require {\n        type iscsid_t;\n        type iscsid_exec_t;\n        type var_run_t;\n        type init_t;\n        type unlabeled_t;\n        type systemd_logind_t;\n        type systemd_hostnamed_t;\n        type container_t;\n        type cert_t;\n        class file { open read execute execute_no_trans };\n        class sock_file write;\n        class unix_stream_socket connectto;\n        class dir { search rmdir read add_name remove_name };\n        class lnk_file { read create };\n    }\n\n    #============= iscsid_t ==============\n    # Allow iscsid to execute in its own domain\n    allow iscsid_t iscsid_exec_t:file execute;\n\n    # Allow iscsid to write to sock_files\n    allow iscsid_t var_run_t:sock_file write;\n\n    # Allow iscsid to connect to unix_stream_socket\n    allow iscsid_t var_run_t:unix_stream_socket connectto;\n\n    #============= init_t ==============\n    # Allow init_t to add names to unlabeled directories\n    allow init_t unlabeled_t:dir add_name;\n\n    # Allow init_t to remove names from unlabeled directories\n    allow init_t unlabeled_t:dir remove_name;\n\n    # Allow init_t to create symbolic links in unlabeled directories\n    allow init_t unlabeled_t:lnk_file create;\n\n    # Allow init_t to remove unlabeled directories\n    allow init_t unlabeled_t:dir rmdir;\n\n    #============= systemd_logind_t ==============\n    # Allow search operation for systemd-logind\n    allow systemd_logind_t unlabeled_t:dir search;\n\n    #============= systemd_hostnamed_t ==============\n    # Allow search operation for systemd-hostnamed\n    allow systemd_hostnamed_t unlabeled_t:dir search;\n\n    #============= container_t ==============\n    # Allow read operation for cluster-autoscaler and system-upgrade containers\n    allow container_t cert_t:dir read;\n    allow container_t cert_t:lnk_file read;\n    allow container_t cert_t:file read;\n    allow container_t cert_t:file open;\n\n# Create the k3s registries file if needed\n\n# Create k3s registries file\n- content: IA==\n  encoding: base64\n  path: /etc/rancher/k3s/registries.yaml\n\n\n# Apply new DNS config\n\n# Set prepare for manual dns config\n- content: |\n    [main]\n    dns=none\n  path: /etc/NetworkManager/conf.d/dns.conf\n\n- content: |\n        nameserver 1.1.1.1\n        nameserver 8.8.8.8\n        nameserver 9.9.9.9\n    \n  path: /etc/resolv.conf\n  permissions: '0644'\n\n\n\n# Add ssh authorized keys\nssh_authorized_keys:\n  - ssh-ed25519 AAAAC3NzaC1lZDI1NTE5AAAAIMNbDF9gzTrHWTJ3YHEnRDlL9MhQ/lB2UdGdu22u34lY\n\n\n# Resize /var, not /, as that's the last partition in MicroOS image.\ngrowpart:\n    devices: [\"/var\"]\n\n# Make sure the hostname is set correctly\nhostname: master-hbf\npreserve_hostname: true\n\nruncmd:\n\n# ensure that /var uses full available disk size, thanks to btrfs this is easy\n- [btrfs, 'filesystem', 'resize', 'max', '/var']\n\n# SELinux permission for the SSH alternative port\n\n\n# Create and apply the necessary SELinux module for kube-hetzner\n- [checkmodule, '-M', '-m', '-o', '/root/kube_hetzner_selinux.mod', '/root/kube_hetzner_selinux.te']\n- ['semodule_package', '-o', '/root/kube_hetzner_selinux.pp', '-m', '/root/kube_hetzner_selinux.mod']\n- [semodule, '-i', '/root/kube_hetzner_selinux.pp']\n\n# Disable rebootmgr service as we use kured instead\n- [systemctl, disable, '--now', 'rebootmgr.service']\n\n\n# Set the dns manually\n- [systemctl, 'reload', 'NetworkManager']\n\n\n# Bounds the amount of logs that can survive on the system\n- [sed, '-i', 's/#SystemMaxUse=/SystemMaxUse=3G/g', /etc/systemd/journald.conf]\n- [sed, '-i', 's/#MaxRetentionSec=/MaxRetentionSec=1week/g', /etc/systemd/journald.conf]\n\n# Reduces the default number of snapshots from 2-10 number limit, to 4 and from 4-10 number limit important, to 2\n- [sed, '-i', 's/NUMBER_LIMIT=\"2-10\"/NUMBER_LIMIT=\"4\"/g', /etc/snapper/configs/root]\n- [sed, '-i', 's/NUMBER_LIMIT_IMPORTANT=\"4-10\"/NUMBER_LIMIT_IMPORTANT=\"3\"/g', /etc/snapper/configs/root]\n\n# Allow network interface\n- [chmod, '+x', '/etc/cloud/rename_interface.sh']\n\n# Restart the sshd service to apply the new config\n- [systemctl, 'restart', 'sshd']\n\n# Make sure the network is up\n- [systemctl, restart, NetworkManager]\n- [systemctl, status, NetworkManager]\n- [ip, route, add, default, via, '172.31.1.1', dev, 'eth0']\n\n# Cleanup some logs\n- [truncate, '-s', '0', '/var/log/audit/audit.log']\n",
                "content_type": "text/cloud-config",
                "filename": "init.cfg",
                "merge_type": null
              }
            ],
            "rendered": "H4sIAAAAAAAA/5xYfXMbt9H//2b8HfahPcPkKY8nSkpS02E7tETHakIpFem0bkblgIclDyUOuAI4UrTj795Z4EgdXyQnlmakO+wP+76LxV1o5VC5eLwusAt5KZ0omHFJLu6Rv4KpLhVnZt1rDK+Gg9c3764v+7fvGxG9xb+gsUKrLnTaJ8+iZ1Ec10HPog3vS2ELbYXzWOYcS7MclXsFMyFRsRx7DaGEa6ezeeNh19gwZWdo4oFKNRdq3oXvpsLVAF5lh/cuSaUueZxqNRPzZ9FQ5Hig3PM6Joo4Tst5F8amxChaGeFwQtrYbhQ9h1FqROHAaTBeP3AZQmHEkjkEoRyaGUuR6OiyThRDwVzWhQRdGlRJwr7JFtu2WQSQBs278FsEAPD8/5KpUMmUeSKARQcxlhoKUeCMCRmFZYlYQKfjX/yfq+vx4PZN/2LQe/GVKEAKtQCb6RX8Bmy1gGby77Nu8rEwQjl4cfqpCb+BRQ5Nm3STZN782jMZ9i96L75KmYPErm2SSmZtotAlL7bsE8a5QWu/fhBN+O+/H9y8gb8Ee0uOy8SUEm2bJ9+dxAX53foAKXRtT/E7R+9ej96PxoNhr9dQ6Bot6F+Mr26ue70G47zRgsvbq18Gt6Ner/HX/yfqeHz7sVLgU6/XeDHsXzRacN0fDnoN8nvDsx3cvAlu2joCHTyYAFyv1FN0H18fxn0QLUJZUEJcCsumEsHaDApm7UobDqx0GSonUkaZHcX74f1ZGwenp+G52tTf2QNKe+o/O5032qyYoTTfLA7ZPaHHRqCFwKUvpV6N0+IQ7Cn9OSp3hFa6TBvxAfmPuLZvhERoW5slbLs+WeCaglRLYwJYm/FJKJg2TxblFOMM3QeFpk2rvlLQgcGp1g5ydJnmwCw0FqVB3jj0yO3g9c3NeDIcjN/eXPY8aleqo5pnKfmGybgsOHO4lXVhkOrvlqk0QwMGCw1VOR9I+tUEVLw4s3Gq81yr2DqK4Z2n+66z4fTjmYULj4GvAigk/JRZLI3sZc4VtpskpsjbFd+20MnizCYBngQJSS5So7VNlGYmDTWNigC8F9JrXszTDNNF9UomTLZrJxvIAtePySzKqRRpe4HrXcd9WBdFQuyoCg9tbxOp5kPqZxTPSRXPiUUpVHnfduibcgtcxhwwyioLQsFo8BPRqeUp7aoeiAZhJVwGS2aELi0oRI4cLJqlSNE+NEajtUseEXjYF3PNS3lcQermr6LKef8thUH46N/ox60LBGFTK/jEvTq6jPeYHtCWzExMqQ73KOEOFksl2RQlHoqwa+sw5xOp50I9Ts60dZR+hwhyAxNk7QEFzY4mvln7SMFH0AUqMMg4kHWlw83/idITX1HwaX+r1enCH3jgz759cqnE/cQ6gyyfEBQdKacwdU7vY7kw8BEsUsqDyenVK8M4n/jmajDXSwzPB4pIVenxMexKQ4JWuE8h1M979Z9tiGFnuRegoRVWGH9EV04RCoSzoFcKuM6ZCKcCq6EnbjdNul6xan+VdYf8vQPpYetTe4zzNsm6B75/hHHlcXo8jMfTIp6O31Gf+lx/0qMB4TRF1jdQG1Sr6oESAVOn6byqaxe21cqmSymyyY5967dCQtZUcmZG518qqZZ+jwqrss6u86mWIvUzgO97XyBzm9GB6ecM/FKrqNCOh3K/Dz0V1KpsdYEmTCQzbTYM4sCgpssB532tArun1ar1vy/WbMvjiHJ1/n9Ev1r3fUov36V2tUplaR2amJVO25RJNMAUrxSKy2JuGK9193p060JDk+9uGuirp2HbNPsd2D+Eo+Pk1f6scGbB4FxY56dRjxOz6ryvYY/g6rPZVd87E7cXOpqwvj3fHWWq6cWPVw+82muWy4hE9YtCrkHhCi6vR5sBsBpFC4MFM+ijkjNVMglc2cenRDoGwkDIle0prXBXl2t0K20WQ6bYHE1CfNo84cpWQ+kBx81sSSMQGui0/e8x0p/b/vcY6WXb/24uXXXfoNVyGYQDFGhyYemWa7vQPPn2/LwZBRdx7q8qDxM++Anf2myyN/V3I4CYwDHy02++6byEfr/fvzi7/sAuOvJfl1ed6/HgG1q7Gl5PL9+8nH8Ym7f/GP/t7P3bgbq9lD+9HGZ/T+Tr03f8B16enpZn5/K91+IWrfiAkCyZafmpMWnR7YAmy6b1aSWZdVAw4/y3Aeq3Q5qgb0YgcjbHdjQ3ekX0bogR+rGyC782iGnjjqQM2QLBliYk6qb4QVh/h0u1oaYq19GG0oWc+WrNprOoMMHnkweq818ETKnSnPuPAagq7nRTXjIDpaXULqUEtmRC+oshF3YBZK6fnOnwcBqmzszIUGFJHWR2HcXwq19tQdNPCr5FNFvQNN5Z9JSze/pHoprews3s/RBun99k7mj0Fph0aBRzYolQaOOiWj1SG2K+XgitMEVrmVlvWVaTNrGrX+9ITX8nCfQWNOMh6RR7VWPt9Xt8ps81/wzCYfOOhDQtBhGTgqULNsffxb8oHpT5jBpeykYIbRKf531Xv/GHy20+N5tbDaXwCikJwF9gQSjrkHEvyIczdbJFCUH7SWSs9CqEuGLVrliRpKpxUXioU4WmJdd73JoGpWbeq7stqWLxWpeKh5piuS6VAz0Dqeeh2iBlikpkSSmilYcF5sE7fOsYmzwfecKQ3b+z2Et23s5+SObNVvV9IJy2yX90aRST3PekuyP8huz+FqlFCq1GmPaS/YXOCnHxWca+n/AyxWAlxxkrpQNV5lM0ZK1VrLCZdtWweBp3TjZUKXLhWlSR574iPOB8HwAip/JhKkBPD225fjd8Pbid/HQ1vBr3GiShsbd23qgZolhRVIeGmFufc0ccVGcwuRr+fHM77l8TqwP2derZZwVFm4FFhYR5+G4ZqjvXpMWfQq958sNls/K+dcyETLU2297y/YWg1mJWD6ftXgb7/d5om/Hmkea91dRCWeztr7a3YDf/7/Zg1jFX2qMoUbTA6NJhiy4frU0KtWApWAuane9O22f+tG4SbdmCJrrsJOh5IZGpsgCrc/R1RQwdHRLM+Rq3ZNfJpm8nUs8TVnLhwt+21PPm3cEX8jh+Fv0vAAD//9+pjhuAFwAA"
          },
          "sensitive_attributes": []
        }
      ]
    },
    {
      "module": "module.kube-hetzner.module.control_planes[\"0-0-master\"]",
      "mode": "managed",
      "type": "hcloud_server",
      "name": "server",
      "provider": "provider[\"registry.terraform.io/hetznercloud/hcloud\"]",
      "instances": [
        {
          "schema_version": 0,
          "attributes": {
            "allow_deprecated_images": false,
            "backup_window": "",
            "backups": false,
            "datacenter": "fsn1-dc14",
            "delete_protection": false,
            "firewall_ids": [
              1250515
            ],
            "id": "43348826",
            "ignore_remote_firewall_ids": false,
            "image": "149425672",
            "ipv4_address": "138.201.185.225",
            "ipv6_address": "2a01:4f8:c012:63d8::1",
            "ipv6_network": "2a01:4f8:c012:63d8::/64",
            "iso": null,
            "keep_disk": false,
            "labels": {
              "cluster": "extenship-test",
              "engine": "k3s",
              "provisioner": "terraform",
              "role": "control_plane_node"
            },
            "location": "fsn1",
            "name": "master-hbf",
            "network": [],
            "placement_group_id": 307527,
            "primary_disk_size": 160,
            "public_net": [],
            "rebuild_protection": false,
            "rescue": null,
            "server_type": "cpx31",
            "shutdown_before_deletion": false,
            "ssh_keys": [
              "19602981"
            ],
            "status": "running",
            "timeouts": null,
            "user_data": "17JQSGn8Xv4OYcjPtTDYh0n3wEA="
          },
          "sensitive_attributes": [],
          "private": "eyJlMmJmYjczMC1lY2FhLTExZTYtOGY4OC0zNDM2M2JjN2M0YzAiOnsiY3JlYXRlIjo1NDAwMDAwMDAwMDAwfX0=",
          "dependencies": [
            "module.kube-hetzner.data.hcloud_image.microos_snapshot",
            "module.kube-hetzner.data.hcloud_ssh_keys.keys_by_selector",
            "module.kube-hetzner.hcloud_firewall.k3s",
            "module.kube-hetzner.hcloud_network.k3s",
            "module.kube-hetzner.hcloud_network_subnet.control_plane",
            "module.kube-hetzner.hcloud_placement_group.control_plane",
            "module.kube-hetzner.hcloud_ssh_key.k3s",
            "module.kube-hetzner.module.control_planes.data.cloudinit_config.config",
            "module.kube-hetzner.module.control_planes.random_string.identity_file",
            "module.kube-hetzner.module.control_planes.random_string.server"
          ]
        }
      ]
    },
    {
      "module": "module.kube-hetzner.module.control_planes[\"0-0-master\"]",
      "mode": "managed",
      "type": "hcloud_server_network",
      "name": "server",
      "provider": "provider[\"registry.terraform.io/hetznercloud/hcloud\"]",
      "instances": [
        {
          "schema_version": 0,
          "attributes": {
            "alias_ips": [],
            "id": "43348826-3885633",
            "ip": "10.255.0.101",
            "mac_address": "86:00:00:78:40:6a",
            "network_id": null,
            "server_id": 43348826,
            "subnet_id": "3885633-10.255.0.0/16"
          },
          "sensitive_attributes": [],
          "private": "bnVsbA==",
          "dependencies": [
            "module.kube-hetzner.data.hcloud_image.microos_snapshot",
            "module.kube-hetzner.data.hcloud_ssh_keys.keys_by_selector",
            "module.kube-hetzner.hcloud_firewall.k3s",
            "module.kube-hetzner.hcloud_network.k3s",
            "module.kube-hetzner.hcloud_network_subnet.control_plane",
            "module.kube-hetzner.hcloud_placement_group.control_plane",
            "module.kube-hetzner.hcloud_ssh_key.k3s",
            "module.kube-hetzner.module.control_planes.data.cloudinit_config.config",
            "module.kube-hetzner.module.control_planes.hcloud_server.server",
            "module.kube-hetzner.module.control_planes.random_string.identity_file",
            "module.kube-hetzner.module.control_planes.random_string.server"
          ]
        }
      ]
    },
    {
      "module": "module.kube-hetzner.module.control_planes[\"0-0-master\"]",
      "mode": "managed",
      "type": "null_resource",
      "name": "registries",
      "provider": "provider[\"registry.terraform.io/hashicorp/null\"]",
      "instances": [
        {
          "schema_version": 0,
          "attributes": {
            "id": "5932201262650430290",
            "triggers": {
              "registries": " "
            }
          },
          "sensitive_attributes": [],
          "dependencies": [
            "module.kube-hetzner.data.hcloud_image.microos_snapshot",
            "module.kube-hetzner.data.hcloud_ssh_keys.keys_by_selector",
            "module.kube-hetzner.hcloud_firewall.k3s",
            "module.kube-hetzner.hcloud_network.k3s",
            "module.kube-hetzner.hcloud_network_subnet.control_plane",
            "module.kube-hetzner.hcloud_placement_group.control_plane",
            "module.kube-hetzner.hcloud_ssh_key.k3s",
            "module.kube-hetzner.module.control_planes.data.cloudinit_config.config",
            "module.kube-hetzner.module.control_planes.hcloud_server.server",
            "module.kube-hetzner.module.control_planes.random_string.identity_file",
            "module.kube-hetzner.module.control_planes.random_string.server"
          ]
        }
      ]
    },
    {
      "module": "module.kube-hetzner.module.control_planes[\"0-0-master\"]",
      "mode": "managed",
      "type": "random_string",
      "name": "identity_file",
      "provider": "provider[\"registry.terraform.io/hashicorp/random\"]",
      "instances": [
        {
          "schema_version": 2,
          "attributes": {
            "id": "gidara5va8zwe5g7tj66",
            "keepers": null,
            "length": 20,
            "lower": true,
            "min_lower": 0,
            "min_numeric": 0,
            "min_special": 0,
            "min_upper": 0,
            "number": true,
            "numeric": true,
            "override_special": null,
            "result": "gidara5va8zwe5g7tj66",
            "special": false,
            "upper": false
          },
          "sensitive_attributes": [],
          "dependencies": [
            "module.kube-hetzner.hcloud_network.k3s",
            "module.kube-hetzner.hcloud_network_subnet.control_plane",
            "module.kube-hetzner.hcloud_placement_group.control_plane"
          ]
        }
      ]
    },
    {
      "module": "module.kube-hetzner.module.control_planes[\"0-0-master\"]",
      "mode": "managed",
      "type": "random_string",
      "name": "server",
      "provider": "provider[\"registry.terraform.io/hashicorp/random\"]",
      "instances": [
        {
          "schema_version": 2,
          "attributes": {
            "id": "hbf",
            "keepers": {
              "name": "master"
            },
            "length": 3,
            "lower": true,
            "min_lower": 0,
            "min_numeric": 0,
            "min_special": 0,
            "min_upper": 0,
            "number": false,
            "numeric": false,
            "override_special": null,
            "result": "hbf",
            "special": false,
            "upper": false
          },
          "sensitive_attributes": [],
          "dependencies": [
            "module.kube-hetzner.hcloud_network.k3s",
            "module.kube-hetzner.hcloud_network_subnet.control_plane",
            "module.kube-hetzner.hcloud_placement_group.control_plane"
          ]
        }
      ]
    }
  ],
  "check_results": [
    {
      "object_kind": "var",
      "config_addr": "module.kube-hetzner.var.dns_servers",
      "status": "pass",
      "objects": [
        {
          "object_addr": "module.kube-hetzner.var.dns_servers",
          "status": "pass"
        }
      ]
    },
    {
      "object_kind": "var",
      "config_addr": "module.kube-hetzner.var.lb_hostname",
      "status": "pass",
      "objects": [
        {
          "object_addr": "module.kube-hetzner.var.lb_hostname",
          "status": "pass"
        }
      ]
    },
    {
      "object_kind": "var",
      "config_addr": "module.kube-hetzner.var.base_domain",
      "status": "pass",
      "objects": [
        {
          "object_addr": "module.kube-hetzner.var.base_domain",
          "status": "pass"
        }
      ]
    },
    {
      "object_kind": "var",
      "config_addr": "module.kube-hetzner.var.cluster_name",
      "status": "pass",
      "objects": [
        {
          "object_addr": "module.kube-hetzner.var.cluster_name",
          "status": "pass"
        }
      ]
    },
    {
      "object_kind": "var",
      "config_addr": "module.kube-hetzner.var.initial_k3s_channel",
      "status": "pass",
      "objects": [
        {
          "object_addr": "module.kube-hetzner.var.initial_k3s_channel",
          "status": "pass"
        }
      ]
    },
    {
      "object_kind": "var",
      "config_addr": "module.kube-hetzner.var.ssh_port",
      "status": "pass",
      "objects": [
        {
          "object_addr": "module.kube-hetzner.var.ssh_port",
          "status": "pass"
        }
      ]
    },
    {
      "object_kind": "var",
      "config_addr": "module.kube-hetzner.var.rancher_install_channel",
      "status": "pass",
      "objects": [
        {
          "object_addr": "module.kube-hetzner.var.rancher_install_channel",
          "status": "pass"
        }
      ]
    },
    {
      "object_kind": "var",
      "config_addr": "module.kube-hetzner.var.cni_plugin",
      "status": "pass",
      "objects": [
        {
          "object_addr": "module.kube-hetzner.var.cni_plugin",
          "status": "pass"
        }
      ]
    },
    {
      "object_kind": "var",
      "config_addr": "module.kube-hetzner.var.rancher_bootstrap_password",
      "status": "pass",
      "objects": [
        {
          "object_addr": "module.kube-hetzner.var.rancher_bootstrap_password",
          "status": "pass"
        }
      ]
    },
    {
      "object_kind": "var",
      "config_addr": "module.kube-hetzner.var.longhorn_replica_count",
      "status": "pass",
      "objects": [
        {
          "object_addr": "module.kube-hetzner.var.longhorn_replica_count",
          "status": "pass"
        }
      ]
    },
    {
      "object_kind": "var",
      "config_addr": "module.kube-hetzner.var.rancher_hostname",
      "status": "pass",
      "objects": [
        {
          "object_addr": "module.kube-hetzner.var.rancher_hostname",
          "status": "pass"
        }
      ]
    },
    {
      "object_kind": "var",
      "config_addr": "module.kube-hetzner.var.longhorn_fstype",
      "status": "pass",
      "objects": [
        {
          "object_addr": "module.kube-hetzner.var.longhorn_fstype",
          "status": "pass"
        }
      ]
    },
    {
      "object_kind": "var",
      "config_addr": "module.kube-hetzner.var.ingress_replica_count",
      "status": "pass",
      "objects": [
        {
          "object_addr": "module.kube-hetzner.var.ingress_replica_count",
          "status": "pass"
        }
      ]
    },
    {
      "object_kind": "var",
      "config_addr": "module.kube-hetzner.var.ingress_controller",
      "status": "pass",
      "objects": [
        {
          "object_addr": "module.kube-hetzner.var.ingress_controller",
          "status": "pass"
        }
      ]
    }
  ]
}
